<?xml version="1.0" encoding="utf-8"?>
<Project ToolsVersion="4.0" xmlns="http://schemas.microsoft.com/developer/msbuild/2003">
  <ItemGroup>
    <Filter Include="Source Files">
      <UniqueIdentifier>{4FC737F1-C7A5-4376-A066-2A32D752A2FF}</UniqueIdentifier>
      <Extensions>cpp;c;cc;cxx;c++;cppm;ixx;def;odl;idl;hpj;bat;asm;asmx</Extensions>
    </Filter>
    <Filter Include="Header Files">
      <UniqueIdentifier>{93995380-89BD-4b04-88EB-625FBE52EBFB}</UniqueIdentifier>
      <Extensions>h;hh;hpp;hxx;h++;hm;inl;inc;ipp;xsd</Extensions>
    </Filter>
    <Filter Include="Resource Files">
      <UniqueIdentifier>{67DA6AB6-F800-4c08-8B7A-83BB121AAD01}</UniqueIdentifier>
      <Extensions>rc;ico;cur;bmp;dlg;rc2;rct;bin;rgs;gif;jpg;jpeg;jpe;resx;tiff;tif;png;wav;mfcribbon-ms</Extensions>
    </Filter>
    <Filter Include="Source Files\proj3_src">
      <UniqueIdentifier>{0ce4d334-23e7-4ffb-ad08-63102b536948}</UniqueIdentifier>
    </Filter>
    <Filter Include="Source Files\proj3_src\proj3_1src">
      <UniqueIdentifier>{06dc53b0-ad2f-45ed-bb8c-288cfbfe2552}</UniqueIdentifier>
    </Filter>
    <Filter Include="Source Files\proj3_src\proj3_2src">
      <UniqueIdentifier>{a7cafd94-2553-437d-81cd-999fd1f95d56}</UniqueIdentifier>
    </Filter>
    <Filter Include="Source Files\proj3_src\proj3_1src\proj3_1_1src">
      <UniqueIdentifier>{94e3c81a-ad48-4bcc-8791-089ccf603a5c}</UniqueIdentifier>
    </Filter>
    <Filter Include="Source Files\proj3_src\proj3_1src\proj3_1_2src">
      <UniqueIdentifier>{a76e574f-2f4d-4560-9eb7-a163818a3578}</UniqueIdentifier>
    </Filter>
  </ItemGroup>
  <ItemGroup>
    <ClCompile Include="proj3_src\proj3_1src\proj3_1_1src\Source3_1_1.cpp">
      <Filter>Source Files\proj3_src\proj3_1src\proj3_1_1src</Filter>
    </ClCompile>
    <ClCompile Include="proj3_src\proj3_1src\proj3_1_1src\Source3_1_1 - Copy (2).cpp">
      <Filter>Source Files\proj3_src\proj3_1src\proj3_1_1src</Filter>
    </ClCompile>
    <ClCompile Include="proj3_src\proj3_1src\proj3_1_1src\Source3_1_1 - Copy (3).cpp">
      <Filter>Source Files\proj3_src\proj3_1src\proj3_1_1src</Filter>
    </ClCompile>
    <ClCompile Include="proj3_src\proj3_1src\proj3_1_1src\Source3_1_1 - Copy (4).cpp">
      <Filter>Source Files\proj3_src\proj3_1src\proj3_1_1src</Filter>
    </ClCompile>
    <ClCompile Include="proj3_src\proj3_1src\proj3_1_1src\Source3_1_1 - Copy (5).cpp">
      <Filter>Source Files\proj3_src\proj3_1src\proj3_1_1src</Filter>
    </ClCompile>
    <ClCompile Include="proj3_src\proj3_1src\proj3_1_1src\Source3_1_1 - Copy (6).cpp">
      <Filter>Source Files\proj3_src\proj3_1src\proj3_1_1src</Filter>
    </ClCompile>
    <ClCompile Include="proj3_src\proj3_1src\proj3_1_1src\Source3_1_1 - Copy (7).cpp">
      <Filter>Source Files\proj3_src\proj3_1src\proj3_1_1src</Filter>
    </ClCompile>
    <ClCompile Include="proj3_src\proj3_1src\proj3_1_1src\Source3_1_1 - Copy (8).cpp">
      <Filter>Source Files\proj3_src\proj3_1src\proj3_1_1src</Filter>
    </ClCompile>
    <ClCompile Include="proj3_src\proj3_1src\proj3_1_1src\Source3_1_1 - Copy (9).cpp">
      <Filter>Source Files\proj3_src\proj3_1src\proj3_1_1src</Filter>
    </ClCompile>
    <ClCompile Include="proj3_src\proj3_1src\proj3_1_1src\Source3_1_1 - Copy (10).cpp">
      <Filter>Source Files\proj3_src\proj3_1src\proj3_1_1src</Filter>
    </ClCompile>
    <ClCompile Include="proj3_src\proj3_1src\proj3_1_1src\Source3_1_1 - Copy (11).cpp">
      <Filter>Source Files\proj3_src\proj3_1src\proj3_1_1src</Filter>
    </ClCompile>
    <ClCompile Include="proj3_src\proj3_1src\proj3_1_1src\Source3_1_1 - Copy (12).cpp">
      <Filter>Source Files\proj3_src\proj3_1src\proj3_1_1src</Filter>
    </ClCompile>
    <ClCompile Include="proj3_src\proj3_1src\proj3_1_1src\Source3_1_1 - Copy (13).cpp">
      <Filter>Source Files\proj3_src\proj3_1src\proj3_1_1src</Filter>
    </ClCompile>
    <ClCompile Include="proj3_src\proj3_1src\proj3_1_1src\Source3_1_1 - Copy (14).cpp">
      <Filter>Source Files\proj3_src\proj3_1src\proj3_1_1src</Filter>
    </ClCompile>
    <ClCompile Include="proj3_src\proj3_1src\proj3_1_1src\Source3_1_1 - Copy (15).cpp">
      <Filter>Source Files\proj3_src\proj3_1src\proj3_1_1src</Filter>
    </ClCompile>
    <ClCompile Include="proj3_src\proj3_1src\proj3_1_1src\Source3_1_1 - Copy (16).cpp">
      <Filter>Source Files\proj3_src\proj3_1src\proj3_1_1src</Filter>
    </ClCompile>
    <ClCompile Include="proj3_src\proj3_1src\proj3_1_1src\Source3_1_1 - Copy (17).cpp">
      <Filter>Source Files\proj3_src\proj3_1src\proj3_1_1src</Filter>
    </ClCompile>
    <ClCompile Include="proj3_src\proj3_1src\proj3_1_1src\Source3_1_1 - Copy (18).cpp">
      <Filter>Source Files\proj3_src\proj3_1src\proj3_1_1src</Filter>
    </ClCompile>
    <ClCompile Include="proj3_src\proj3_1src\proj3_1_1src\Source3_1_1 - Copy (19).cpp">
      <Filter>Source Files\proj3_src\proj3_1src\proj3_1_1src</Filter>
    </ClCompile>
    <ClCompile Include="proj3_src\proj3_1src\proj3_1_1src\Source3_1_1 - Copy (20).cpp">
      <Filter>Source Files\proj3_src\proj3_1src\proj3_1_1src</Filter>
    </ClCompile>
    <ClCompile Include="proj3_src\proj3_1src\proj3_1_1src\Source3_1_1 - Copy (21).cpp">
      <Filter>Source Files\proj3_src\proj3_1src\proj3_1_1src</Filter>
    </ClCompile>
    <ClCompile Include="proj3_src\proj3_1src\proj3_1_1src\Source3_1_1 - Copy (22).cpp">
      <Filter>Source Files\proj3_src\proj3_1src\proj3_1_1src</Filter>
    </ClCompile>
    <ClCompile Include="proj3_src\proj3_1src\proj3_1_1src\Source3_1_1 - Copy (23).cpp">
      <Filter>Source Files\proj3_src\proj3_1src\proj3_1_1src</Filter>
    </ClCompile>
    <ClCompile Include="proj3_src\proj3_1src\proj3_1_1src\Source3_1_1 - Copy (24).cpp">
      <Filter>Source Files\proj3_src\proj3_1src\proj3_1_1src</Filter>
    </ClCompile>
    <ClCompile Include="proj3_src\proj3_1src\proj3_1_1src\Source3_1_1 - Copy (25).cpp">
      <Filter>Source Files\proj3_src\proj3_1src\proj3_1_1src</Filter>
    </ClCompile>
    <ClCompile Include="proj3_src\proj3_1src\proj3_1_1src\Source3_1_1 - Copy (26).cpp">
      <Filter>Source Files\proj3_src\proj3_1src\proj3_1_1src</Filter>
    </ClCompile>
    <ClCompile Include="proj3_src\proj3_1src\proj3_1_1src\Source3_1_1 - Copy (27).cpp">
      <Filter>Source Files\proj3_src\proj3_1src\proj3_1_1src</Filter>
    </ClCompile>
    <ClCompile Include="proj3_src\proj3_1src\proj3_1_1src\Source3_1_1 - Copy (28).cpp">
      <Filter>Source Files\proj3_src\proj3_1src\proj3_1_1src</Filter>
    </ClCompile>
    <ClCompile Include="proj3_src\proj3_1src\proj3_1_1src\Source3_1_1 - Copy (29).cpp">
      <Filter>Source Files\proj3_src\proj3_1src\proj3_1_1src</Filter>
    </ClCompile>
    <ClCompile Include="proj3_src\proj3_1src\proj3_1_1src\Source3_1_1 - Copy (30).cpp">
      <Filter>Source Files\proj3_src\proj3_1src\proj3_1_1src</Filter>
    </ClCompile>
    <ClCompile Include="proj3_src\proj3_1src\proj3_1_1src\Source3_1_1 - Copy (31).cpp">
      <Filter>Source Files\proj3_src\proj3_1src\proj3_1_1src</Filter>
    </ClCompile>
    <ClCompile Include="proj3_src\proj3_1src\proj3_1_1src\Source3_1_1 - Copy (32).cpp">
      <Filter>Source Files\proj3_src\proj3_1src\proj3_1_1src</Filter>
    </ClCompile>
    <ClCompile Include="proj3_src\proj3_1src\proj3_1_1src\Source3_1_1 - Copy (33).cpp">
      <Filter>Source Files\proj3_src\proj3_1src\proj3_1_1src</Filter>
    </ClCompile>
    <ClCompile Include="proj3_src\proj3_1src\proj3_1_1src\Source3_1_1 - Copy (34).cpp">
      <Filter>Source Files\proj3_src\proj3_1src\proj3_1_1src</Filter>
    </ClCompile>
    <ClCompile Include="proj3_src\proj3_1src\proj3_1_1src\Source3_1_1 - Copy (35).cpp">
      <Filter>Source Files\proj3_src\proj3_1src\proj3_1_1src</Filter>
    </ClCompile>
    <ClCompile Include="proj3_src\proj3_1src\proj3_1_1src\Source3_1_1 - Copy (36).cpp">
      <Filter>Source Files\proj3_src\proj3_1src\proj3_1_1src</Filter>
    </ClCompile>
    <ClCompile Include="proj3_src\proj3_1src\proj3_1_1src\Source3_1_1 - Copy (37).cpp">
      <Filter>Source Files\proj3_src\proj3_1src\proj3_1_1src</Filter>
    </ClCompile>
    <ClCompile Include="proj3_src\proj3_1src\proj3_1_1src\Source3_1_1 - Copy (38).cpp">
      <Filter>Source Files\proj3_src\proj3_1src\proj3_1_1src</Filter>
    </ClCompile>
    <ClCompile Include="proj3_src\proj3_1src\proj3_1_1src\Source3_1_1 - Copy (39).cpp">
      <Filter>Source Files\proj3_src\proj3_1src\proj3_1_1src</Filter>
    </ClCompile>
    <ClCompile Include="proj3_src\proj3_1src\proj3_1_1src\Source3_1_1 - Copy (40).cpp">
      <Filter>Source Files\proj3_src\proj3_1src\proj3_1_1src</Filter>
    </ClCompile>
    <ClCompile Include="proj3_src\proj3_1src\proj3_1_1src\Source3_1_1 - Copy (41).cpp">
      <Filter>Source Files\proj3_src\proj3_1src\proj3_1_1src</Filter>
    </ClCompile>
    <ClCompile Include="proj3_src\proj3_1src\proj3_1_1src\Source3_1_1 - Copy (42).cpp">
      <Filter>Source Files\proj3_src\proj3_1src\proj3_1_1src</Filter>
    </ClCompile>
    <ClCompile Include="proj3_src\proj3_1src\proj3_1_1src\Source3_1_1 - Copy (43).cpp">
      <Filter>Source Files\proj3_src\proj3_1src\proj3_1_1src</Filter>
    </ClCompile>
    <ClCompile Include="proj3_src\proj3_1src\proj3_1_1src\Source3_1_1 - Copy (44).cpp">
      <Filter>Source Files\proj3_src\proj3_1src\proj3_1_1src</Filter>
    </ClCompile>
    <ClCompile Include="proj3_src\proj3_1src\proj3_1_1src\Source3_1_1 - Copy (45).cpp">
      <Filter>Source Files\proj3_src\proj3_1src\proj3_1_1src</Filter>
    </ClCompile>
    <ClCompile Include="proj3_src\proj3_1src\proj3_1_1src\Source3_1_1 - Copy (46).cpp">
      <Filter>Source Files\proj3_src\proj3_1src\proj3_1_1src</Filter>
    </ClCompile>
    <ClCompile Include="proj3_src\proj3_1src\proj3_1_1src\Source3_1_1 - Copy (47).cpp">
      <Filter>Source Files\proj3_src\proj3_1src\proj3_1_1src</Filter>
    </ClCompile>
    <ClCompile Include="proj3_src\proj3_1src\proj3_1_1src\Source3_1_1 - Copy (48).cpp">
      <Filter>Source Files\proj3_src\proj3_1src\proj3_1_1src</Filter>
    </ClCompile>
    <ClCompile Include="proj3_src\proj3_1src\proj3_1_1src\Source3_1_1 - Copy (49).cpp">
      <Filter>Source Files\proj3_src\proj3_1src\proj3_1_1src</Filter>
    </ClCompile>
    <ClCompile Include="proj3_src\proj3_1src\proj3_1_1src\Source3_1_1 - Copy (50).cpp">
      <Filter>Source Files\proj3_src\proj3_1src\proj3_1_1src</Filter>
    </ClCompile>
    <ClCompile Include="proj3_src\proj3_1src\proj3_1_1src\Source3_1_1 - Copy (51).cpp">
      <Filter>Source Files\proj3_src\proj3_1src\proj3_1_1src</Filter>
    </ClCompile>
    <ClCompile Include="proj3_src\proj3_1src\proj3_1_1src\Source3_1_1 - Copy (52).cpp">
      <Filter>Source Files\proj3_src\proj3_1src\proj3_1_1src</Filter>
    </ClCompile>
    <ClCompile Include="proj3_src\proj3_1src\proj3_1_1src\Source3_1_1 - Copy (53).cpp">
      <Filter>Source Files\proj3_src\proj3_1src\proj3_1_1src</Filter>
    </ClCompile>
    <ClCompile Include="proj3_src\proj3_1src\proj3_1_1src\Source3_1_1 - Copy (54).cpp">
      <Filter>Source Files\proj3_src\proj3_1src\proj3_1_1src</Filter>
    </ClCompile>
    <ClCompile Include="proj3_src\proj3_1src\proj3_1_1src\Source3_1_1 - Copy (55).cpp">
      <Filter>Source Files\proj3_src\proj3_1src\proj3_1_1src</Filter>
    </ClCompile>
    <ClCompile Include="proj3_src\proj3_1src\proj3_1_1src\Source3_1_1 - Copy (56).cpp">
      <Filter>Source Files\proj3_src\proj3_1src\proj3_1_1src</Filter>
    </ClCompile>
    <ClCompile Include="proj3_src\proj3_1src\proj3_1_1src\Source3_1_1 - Copy (57).cpp">
      <Filter>Source Files\proj3_src\proj3_1src\proj3_1_1src</Filter>
    </ClCompile>
    <ClCompile Include="proj3_src\proj3_1src\proj3_1_1src\Source3_1_1 - Copy (58).cpp">
      <Filter>Source Files\proj3_src\proj3_1src\proj3_1_1src</Filter>
    </ClCompile>
    <ClCompile Include="proj3_src\proj3_1src\proj3_1_1src\Source3_1_1 - Copy (59).cpp">
      <Filter>Source Files\proj3_src\proj3_1src\proj3_1_1src</Filter>
    </ClCompile>
    <ClCompile Include="proj3_src\proj3_1src\proj3_1_1src\Source3_1_1 - Copy (60).cpp">
      <Filter>Source Files\proj3_src\proj3_1src\proj3_1_1src</Filter>
    </ClCompile>
    <ClCompile Include="proj3_src\proj3_1src\proj3_1_1src\Source3_1_1 - Copy (61).cpp">
      <Filter>Source Files\proj3_src\proj3_1src\proj3_1_1src</Filter>
    </ClCompile>
    <ClCompile Include="proj3_src\proj3_1src\proj3_1_1src\Source3_1_1 - Copy (62).cpp">
      <Filter>Source Files\proj3_src\proj3_1src\proj3_1_1src</Filter>
    </ClCompile>
    <ClCompile Include="proj3_src\proj3_1src\proj3_1_1src\Source3_1_1 - Copy (63).cpp">
      <Filter>Source Files\proj3_src\proj3_1src\proj3_1_1src</Filter>
    </ClCompile>
    <ClCompile Include="proj3_src\proj3_1src\proj3_1_1src\Source3_1_1 - Copy (64).cpp">
      <Filter>Source Files\proj3_src\proj3_1src\proj3_1_1src</Filter>
    </ClCompile>
    <ClCompile Include="proj3_src\proj3_1src\proj3_1_1src\Source3_1_1 - Copy (65).cpp">
      <Filter>Source Files\proj3_src\proj3_1src\proj3_1_1src</Filter>
    </ClCompile>
    <ClCompile Include="proj3_src\proj3_1src\proj3_1_1src\Source3_1_1 - Copy (66).cpp">
      <Filter>Source Files\proj3_src\proj3_1src\proj3_1_1src</Filter>
    </ClCompile>
    <ClCompile Include="proj3_src\proj3_1src\proj3_1_1src\Source3_1_1 - Copy (67).cpp">
      <Filter>Source Files\proj3_src\proj3_1src\proj3_1_1src</Filter>
    </ClCompile>
    <ClCompile Include="proj3_src\proj3_1src\proj3_1_1src\Source3_1_1 - Copy (68).cpp">
      <Filter>Source Files\proj3_src\proj3_1src\proj3_1_1src</Filter>
    </ClCompile>
    <ClCompile Include="proj3_src\proj3_1src\proj3_1_1src\Source3_1_1 - Copy (69).cpp">
      <Filter>Source Files\proj3_src\proj3_1src\proj3_1_1src</Filter>
    </ClCompile>
    <ClCompile Include="proj3_src\proj3_1src\proj3_1_1src\Source3_1_1 - Copy (70).cpp">
      <Filter>Source Files\proj3_src\proj3_1src\proj3_1_1src</Filter>
    </ClCompile>
    <ClCompile Include="proj3_src\proj3_1src\proj3_1_1src\Source3_1_1 - Copy (71).cpp">
      <Filter>Source Files\proj3_src\proj3_1src\proj3_1_1src</Filter>
    </ClCompile>
    <ClCompile Include="proj3_src\proj3_1src\proj3_1_1src\Source3_1_1 - Copy (72).cpp">
      <Filter>Source Files\proj3_src\proj3_1src\proj3_1_1src</Filter>
    </ClCompile>
    <ClCompile Include="proj3_src\proj3_1src\proj3_1_1src\Source3_1_1 - Copy (73).cpp">
      <Filter>Source Files\proj3_src\proj3_1src\proj3_1_1src</Filter>
    </ClCompile>
    <ClCompile Include="proj3_src\proj3_1src\proj3_1_1src\Source3_1_1 - Copy (74).cpp">
      <Filter>Source Files\proj3_src\proj3_1src\proj3_1_1src</Filter>
    </ClCompile>
    <ClCompile Include="proj3_src\proj3_1src\proj3_1_1src\Source3_1_1 - Copy (75).cpp">
      <Filter>Source Files\proj3_src\proj3_1src\proj3_1_1src</Filter>
    </ClCompile>
    <ClCompile Include="proj3_src\proj3_1src\proj3_1_1src\Source3_1_1 - Copy (76).cpp">
      <Filter>Source Files\proj3_src\proj3_1src\proj3_1_1src</Filter>
    </ClCompile>
    <ClCompile Include="proj3_src\proj3_1src\proj3_1_1src\Source3_1_1 - Copy (77).cpp">
      <Filter>Source Files\proj3_src\proj3_1src\proj3_1_1src</Filter>
    </ClCompile>
    <ClCompile Include="proj3_src\proj3_1src\proj3_1_1src\Source3_1_1 - Copy (78).cpp">
      <Filter>Source Files\proj3_src\proj3_1src\proj3_1_1src</Filter>
    </ClCompile>
    <ClCompile Include="proj3_src\proj3_1src\proj3_1_1src\Source3_1_1 - Copy (79).cpp">
      <Filter>Source Files\proj3_src\proj3_1src\proj3_1_1src</Filter>
    </ClCompile>
    <ClCompile Include="proj3_src\proj3_1src\proj3_1_1src\Source3_1_1 - Copy (80).cpp">
      <Filter>Source Files\proj3_src\proj3_1src\proj3_1_1src</Filter>
    </ClCompile>
    <ClCompile Include="proj3_src\proj3_1src\proj3_1_1src\Source3_1_1 - Copy (81).cpp">
      <Filter>Source Files\proj3_src\proj3_1src\proj3_1_1src</Filter>
    </ClCompile>
    <ClCompile Include="proj3_src\proj3_1src\proj3_1_1src\Source3_1_1 - Copy (82).cpp">
      <Filter>Source Files\proj3_src\proj3_1src\proj3_1_1src</Filter>
    </ClCompile>
    <ClCompile Include="proj3_src\proj3_1src\proj3_1_1src\Source3_1_1 - Copy (83).cpp">
      <Filter>Source Files\proj3_src\proj3_1src\proj3_1_1src</Filter>
    </ClCompile>
    <ClCompile Include="proj3_src\proj3_1src\proj3_1_1src\Source3_1_1 - Copy (84).cpp">
      <Filter>Source Files\proj3_src\proj3_1src\proj3_1_1src</Filter>
    </ClCompile>
    <ClCompile Include="proj3_src\proj3_1src\proj3_1_1src\Source3_1_1 - Copy (85).cpp">
      <Filter>Source Files\proj3_src\proj3_1src\proj3_1_1src</Filter>
    </ClCompile>
    <ClCompile Include="proj3_src\proj3_1src\proj3_1_1src\Source3_1_1 - Copy (86).cpp">
      <Filter>Source Files\proj3_src\proj3_1src\proj3_1_1src</Filter>
    </ClCompile>
    <ClCompile Include="proj3_src\proj3_1src\proj3_1_1src\Source3_1_1 - Copy (87).cpp">
      <Filter>Source Files\proj3_src\proj3_1src\proj3_1_1src</Filter>
    </ClCompile>
    <ClCompile Include="proj3_src\proj3_1src\proj3_1_1src\Source3_1_1 - Copy (88).cpp">
      <Filter>Source Files\proj3_src\proj3_1src\proj3_1_1src</Filter>
    </ClCompile>
    <ClCompile Include="proj3_src\proj3_1src\proj3_1_1src\Source3_1_1 - Copy (89).cpp">
      <Filter>Source Files\proj3_src\proj3_1src\proj3_1_1src</Filter>
    </ClCompile>
    <ClCompile Include="proj3_src\proj3_1src\proj3_1_1src\Source3_1_1 - Copy (90).cpp">
      <Filter>Source Files\proj3_src\proj3_1src\proj3_1_1src</Filter>
    </ClCompile>
    <ClCompile Include="proj3_src\proj3_1src\proj3_1_1src\Source3_1_1 - Copy (91).cpp">
      <Filter>Source Files\proj3_src\proj3_1src\proj3_1_1src</Filter>
    </ClCompile>
    <ClCompile Include="proj3_src\proj3_1src\proj3_1_1src\Source3_1_1 - Copy (92).cpp">
      <Filter>Source Files\proj3_src\proj3_1src\proj3_1_1src</Filter>
    </ClCompile>
    <ClCompile Include="proj3_src\proj3_1src\proj3_1_1src\Source3_1_1 - Copy (93).cpp">
      <Filter>Source Files\proj3_src\proj3_1src\proj3_1_1src</Filter>
    </ClCompile>
    <ClCompile Include="proj3_src\proj3_1src\proj3_1_1src\Source3_1_1 - Copy (94).cpp">
      <Filter>Source Files\proj3_src\proj3_1src\proj3_1_1src</Filter>
    </ClCompile>
    <ClCompile Include="proj3_src\proj3_1src\proj3_1_1src\Source3_1_1 - Copy (95).cpp">
      <Filter>Source Files\proj3_src\proj3_1src\proj3_1_1src</Filter>
    </ClCompile>
    <ClCompile Include="proj3_src\proj3_1src\proj3_1_1src\Source3_1_1 - Copy (96).cpp">
      <Filter>Source Files\proj3_src\proj3_1src\proj3_1_1src</Filter>
    </ClCompile>
    <ClCompile Include="proj3_src\proj3_1src\proj3_1_1src\Source3_1_1 - Copy (97).cpp">
      <Filter>Source Files\proj3_src\proj3_1src\proj3_1_1src</Filter>
    </ClCompile>
    <ClCompile Include="proj3_src\proj3_1src\proj3_1_1src\Source3_1_1 - Copy (98).cpp">
      <Filter>Source Files\proj3_src\proj3_1src\proj3_1_1src</Filter>
    </ClCompile>
    <ClCompile Include="proj3_src\proj3_1src\proj3_1_1src\Source3_1_1 - Copy (99).cpp">
      <Filter>Source Files\proj3_src\proj3_1src\proj3_1_1src</Filter>
    </ClCompile>
    <ClCompile Include="proj3_src\proj3_1src\proj3_1_1src\Source3_1_1 - Copy (100).cpp">
      <Filter>Source Files\proj3_src\proj3_1src\proj3_1_1src</Filter>
    </ClCompile>
    <ClCompile Include="proj3_src\proj3_1src\proj3_1_1src\Source3_1_1 - Copy (101).cpp">
      <Filter>Source Files\proj3_src\proj3_1src\proj3_1_1src</Filter>
    </ClCompile>
    <ClCompile Include="proj3_src\proj3_1src\proj3_1_1src\Source3_1_1 - Copy (102).cpp">
      <Filter>Source Files\proj3_src\proj3_1src\proj3_1_1src</Filter>
    </ClCompile>
    <ClCompile Include="proj3_src\proj3_1src\proj3_1_1src\Source3_1_1 - Copy (103).cpp">
      <Filter>Source Files\proj3_src\proj3_1src\proj3_1_1src</Filter>
    </ClCompile>
    <ClCompile Include="proj3_src\proj3_1src\proj3_1_1src\Source3_1_1 - Copy (104).cpp">
      <Filter>Source Files\proj3_src\proj3_1src\proj3_1_1src</Filter>
    </ClCompile>
    <ClCompile Include="proj3_src\proj3_1src\proj3_1_1src\Source3_1_1 - Copy (105).cpp">
      <Filter>Source Files\proj3_src\proj3_1src\proj3_1_1src</Filter>
    </ClCompile>
    <ClCompile Include="proj3_src\proj3_1src\proj3_1_1src\Source3_1_1 - Copy (106).cpp">
      <Filter>Source Files\proj3_src\proj3_1src\proj3_1_1src</Filter>
    </ClCompile>
    <ClCompile Include="proj3_src\proj3_1src\proj3_1_1src\Source3_1_1 - Copy (107).cpp">
      <Filter>Source Files\proj3_src\proj3_1src\proj3_1_1src</Filter>
    </ClCompile>
    <ClCompile Include="proj3_src\proj3_1src\proj3_1_1src\Source3_1_1 - Copy (108).cpp">
      <Filter>Source Files\proj3_src\proj3_1src\proj3_1_1src</Filter>
    </ClCompile>
    <ClCompile Include="proj3_src\proj3_1src\proj3_1_1src\Source3_1_1 - Copy (109).cpp">
      <Filter>Source Files\proj3_src\proj3_1src\proj3_1_1src</Filter>
    </ClCompile>
    <ClCompile Include="proj3_src\proj3_1src\proj3_1_1src\Source3_1_1 - Copy (110).cpp">
      <Filter>Source Files\proj3_src\proj3_1src\proj3_1_1src</Filter>
    </ClCompile>
    <ClCompile Include="proj3_src\proj3_1src\proj3_1_1src\Source3_1_1 - Copy (111).cpp">
      <Filter>Source Files\proj3_src\proj3_1src\proj3_1_1src</Filter>
    </ClCompile>
    <ClCompile Include="proj3_src\proj3_1src\proj3_1_1src\Source3_1_1 - Copy (112).cpp">
      <Filter>Source Files\proj3_src\proj3_1src\proj3_1_1src</Filter>
    </ClCompile>
    <ClCompile Include="proj3_src\proj3_1src\proj3_1_1src\Source3_1_1 - Copy (113).cpp">
      <Filter>Source Files\proj3_src\proj3_1src\proj3_1_1src</Filter>
    </ClCompile>
    <ClCompile Include="proj3_src\proj3_1src\proj3_1_1src\Source3_1_1 - Copy (114).cpp">
      <Filter>Source Files\proj3_src\proj3_1src\proj3_1_1src</Filter>
    </ClCompile>
    <ClCompile Include="proj3_src\proj3_1src\proj3_1_1src\Source3_1_1 - Copy (115).cpp">
      <Filter>Source Files\proj3_src\proj3_1src\proj3_1_1src</Filter>
    </ClCompile>
    <ClCompile Include="proj3_src\proj3_1src\proj3_1_1src\Source3_1_1 - Copy (116).cpp">
      <Filter>Source Files\proj3_src\proj3_1src\proj3_1_1src</Filter>
    </ClCompile>
    <ClCompile Include="proj3_src\proj3_1src\proj3_1_1src\Source3_1_1 - Copy (117).cpp">
      <Filter>Source Files\proj3_src\proj3_1src\proj3_1_1src</Filter>
    </ClCompile>
    <ClCompile Include="proj3_src\proj3_1src\proj3_1_1src\Source3_1_1 - Copy (118).cpp">
      <Filter>Source Files\proj3_src\proj3_1src\proj3_1_1src</Filter>
    </ClCompile>
    <ClCompile Include="proj3_src\proj3_1src\proj3_1_1src\Source3_1_1 - Copy (119).cpp">
      <Filter>Source Files\proj3_src\proj3_1src\proj3_1_1src</Filter>
    </ClCompile>
    <ClCompile Include="proj3_src\proj3_1src\proj3_1_1src\Source3_1_1 - Copy (120).cpp">
      <Filter>Source Files\proj3_src\proj3_1src\proj3_1_1src</Filter>
    </ClCompile>
    <ClCompile Include="proj3_src\proj3_1src\proj3_1_1src\Source3_1_1 - Copy (121).cpp">
      <Filter>Source Files\proj3_src\proj3_1src\proj3_1_1src</Filter>
    </ClCompile>
    <ClCompile Include="proj3_src\proj3_1src\proj3_1_1src\Source3_1_1 - Copy (122).cpp">
      <Filter>Source Files\proj3_src\proj3_1src\proj3_1_1src</Filter>
    </ClCompile>
    <ClCompile Include="proj3_src\proj3_1src\proj3_1_1src\Source3_1_1 - Copy (123).cpp">
      <Filter>Source Files\proj3_src\proj3_1src\proj3_1_1src</Filter>
    </ClCompile>
    <ClCompile Include="proj3_src\proj3_1src\proj3_1_1src\Source3_1_1 - Copy (124).cpp">
      <Filter>Source Files\proj3_src\proj3_1src\proj3_1_1src</Filter>
    </ClCompile>
    <ClCompile Include="proj3_src\proj3_1src\proj3_1_1src\Source3_1_1 - Copy (125).cpp">
      <Filter>Source Files\proj3_src\proj3_1src\proj3_1_1src</Filter>
    </ClCompile>
    <ClCompile Include="proj3_src\proj3_1src\proj3_1_1src\Source3_1_1 - Copy (126).cpp">
      <Filter>Source Files\proj3_src\proj3_1src\proj3_1_1src</Filter>
    </ClCompile>
    <ClCompile Include="proj3_src\proj3_1src\proj3_1_1src\Source3_1_1 - Copy (127).cpp">
      <Filter>Source Files\proj3_src\proj3_1src\proj3_1_1src</Filter>
    </ClCompile>
    <ClCompile Include="proj3_src\proj3_1src\proj3_1_1src\Source3_1_1 - Copy (128).cpp">
      <Filter>Source Files\proj3_src\proj3_1src\proj3_1_1src</Filter>
    </ClCompile>
    <ClCompile Include="proj3_src\proj3_1src\proj3_1_1src\Source3_1_1 - Copy (129).cpp">
      <Filter>Source Files\proj3_src\proj3_1src\proj3_1_1src</Filter>
    </ClCompile>
    <ClCompile Include="proj3_src\proj3_1src\proj3_1_1src\Source3_1_1 - Copy (130).cpp">
      <Filter>Source Files\proj3_src\proj3_1src\proj3_1_1src</Filter>
    </ClCompile>
    <ClCompile Include="proj3_src\proj3_1src\proj3_1_1src\Source3_1_1 - Copy (131).cpp">
      <Filter>Source Files\proj3_src\proj3_1src\proj3_1_1src</Filter>
    </ClCompile>
    <ClCompile Include="proj3_src\proj3_1src\proj3_1_1src\Source3_1_1 - Copy (132).cpp">
      <Filter>Source Files\proj3_src\proj3_1src\proj3_1_1src</Filter>
    </ClCompile>
    <ClCompile Include="proj3_src\proj3_1src\proj3_1_1src\Source3_1_1 - Copy (133).cpp">
      <Filter>Source Files\proj3_src\proj3_1src\proj3_1_1src</Filter>
    </ClCompile>
    <ClCompile Include="proj3_src\proj3_1src\proj3_1_1src\Source3_1_1 - Copy (134).cpp">
      <Filter>Source Files\proj3_src\proj3_1src\proj3_1_1src</Filter>
    </ClCompile>
    <ClCompile Include="proj3_src\proj3_1src\proj3_1_1src\Source3_1_1 - Copy (135).cpp">
      <Filter>Source Files\proj3_src\proj3_1src\proj3_1_1src</Filter>
    </ClCompile>
    <ClCompile Include="proj3_src\proj3_1src\proj3_1_1src\Source3_1_1 - Copy (136).cpp">
      <Filter>Source Files\proj3_src\proj3_1src\proj3_1_1src</Filter>
    </ClCompile>
    <ClCompile Include="proj3_src\proj3_1src\proj3_1_1src\Source3_1_1 - Copy (137).cpp">
      <Filter>Source Files\proj3_src\proj3_1src\proj3_1_1src</Filter>
    </ClCompile>
    <ClCompile Include="proj3_src\proj3_1src\proj3_1_1src\Source3_1_1 - Copy (138).cpp">
      <Filter>Source Files\proj3_src\proj3_1src\proj3_1_1src</Filter>
    </ClCompile>
    <ClCompile Include="proj3_src\proj3_1src\proj3_1_1src\Source3_1_1 - Copy (139).cpp">
      <Filter>Source Files\proj3_src\proj3_1src\proj3_1_1src</Filter>
    </ClCompile>
    <ClCompile Include="proj3_src\proj3_1src\proj3_1_1src\Source3_1_1 - Copy (140).cpp">
      <Filter>Source Files\proj3_src\proj3_1src\proj3_1_1src</Filter>
    </ClCompile>
    <ClCompile Include="proj3_src\proj3_1src\proj3_1_1src\Source3_1_1 - Copy (141).cpp">
      <Filter>Source Files\proj3_src\proj3_1src\proj3_1_1src</Filter>
    </ClCompile>
    <ClCompile Include="proj3_src\proj3_1src\proj3_1_1src\Source3_1_1 - Copy (142).cpp">
      <Filter>Source Files\proj3_src\proj3_1src\proj3_1_1src</Filter>
    </ClCompile>
    <ClCompile Include="proj3_src\proj3_1src\proj3_1_1src\Source3_1_1 - Copy (143).cpp">
      <Filter>Source Files\proj3_src\proj3_1src\proj3_1_1src</Filter>
    </ClCompile>
    <ClCompile Include="proj3_src\proj3_1src\proj3_1_1src\Source3_1_1 - Copy (144).cpp">
      <Filter>Source Files\proj3_src\proj3_1src\proj3_1_1src</Filter>
    </ClCompile>
    <ClCompile Include="proj3_src\proj3_1src\proj3_1_1src\Source3_1_1 - Copy (145).cpp">
      <Filter>Source Files\proj3_src\proj3_1src\proj3_1_1src</Filter>
    </ClCompile>
    <ClCompile Include="proj3_src\proj3_1src\proj3_1_1src\Source3_1_1 - Copy (146).cpp">
      <Filter>Source Files\proj3_src\proj3_1src\proj3_1_1src</Filter>
    </ClCompile>
    <ClCompile Include="proj3_src\proj3_1src\proj3_1_1src\Source3_1_1 - Copy (147).cpp">
      <Filter>Source Files\proj3_src\proj3_1src\proj3_1_1src</Filter>
    </ClCompile>
    <ClCompile Include="proj3_src\proj3_1src\proj3_1_1src\Source3_1_1 - Copy (148).cpp">
      <Filter>Source Files\proj3_src\proj3_1src\proj3_1_1src</Filter>
    </ClCompile>
    <ClCompile Include="proj3_src\proj3_1src\proj3_1_1src\Source3_1_1 - Copy (149).cpp">
      <Filter>Source Files\proj3_src\proj3_1src\proj3_1_1src</Filter>
    </ClCompile>
    <ClCompile Include="proj3_src\proj3_1src\proj3_1_1src\Source3_1_1 - Copy (150).cpp">
      <Filter>Source Files\proj3_src\proj3_1src\proj3_1_1src</Filter>
    </ClCompile>
    <ClCompile Include="proj3_src\proj3_1src\proj3_1_1src\Source3_1_1 - Copy (151).cpp">
      <Filter>Source Files\proj3_src\proj3_1src\proj3_1_1src</Filter>
    </ClCompile>
    <ClCompile Include="proj3_src\proj3_1src\proj3_1_1src\Source3_1_1 - Copy.cpp">
      <Filter>Source Files\proj3_src\proj3_1src\proj3_1_1src</Filter>
    </ClCompile>
    <ClCompile Include="proj3_src\proj3_1src\proj3_1_2src\Source3_1_2 - Copy (101).cpp">
      <Filter>Source Files\proj3_src\proj3_1src\proj3_1_2src</Filter>
    </ClCompile>
    <ClCompile Include="proj3_src\proj3_1src\proj3_1_2src\Source3_1_2 - Copy (102).cpp">
      <Filter>Source Files\proj3_src\proj3_1src\proj3_1_2src</Filter>
    </ClCompile>
    <ClCompile Include="proj3_src\proj3_1src\proj3_1_2src\Source3_1_2 - Copy (103).cpp">
      <Filter>Source Files\proj3_src\proj3_1src\proj3_1_2src</Filter>
    </ClCompile>
    <ClCompile Include="proj3_src\proj3_1src\proj3_1_2src\Source3_1_2 - Copy (104).cpp">
      <Filter>Source Files\proj3_src\proj3_1src\proj3_1_2src</Filter>
    </ClCompile>
    <ClCompile Include="proj3_src\proj3_1src\proj3_1_2src\Source3_1_2 - Copy (105).cpp">
      <Filter>Source Files\proj3_src\proj3_1src\proj3_1_2src</Filter>
    </ClCompile>
    <ClCompile Include="proj3_src\proj3_1src\proj3_1_2src\Source3_1_2 - Copy (106).cpp">
      <Filter>Source Files\proj3_src\proj3_1src\proj3_1_2src</Filter>
    </ClCompile>
    <ClCompile Include="proj3_src\proj3_1src\proj3_1_2src\Source3_1_2 - Copy (107).cpp">
      <Filter>Source Files\proj3_src\proj3_1src\proj3_1_2src</Filter>
    </ClCompile>
    <ClCompile Include="proj3_src\proj3_1src\proj3_1_2src\Source3_1_2 - Copy (108).cpp">
      <Filter>Source Files\proj3_src\proj3_1src\proj3_1_2src</Filter>
    </ClCompile>
    <ClCompile Include="proj3_src\proj3_1src\proj3_1_2src\Source3_1_2 - Copy (109).cpp">
      <Filter>Source Files\proj3_src\proj3_1src\proj3_1_2src</Filter>
    </ClCompile>
    <ClCompile Include="proj3_src\proj3_1src\proj3_1_2src\Source3_1_2 - Copy (110).cpp">
      <Filter>Source Files\proj3_src\proj3_1src\proj3_1_2src</Filter>
    </ClCompile>
    <ClCompile Include="proj3_src\proj3_1src\proj3_1_2src\Source3_1_2 - Copy (111).cpp">
      <Filter>Source Files\proj3_src\proj3_1src\proj3_1_2src</Filter>
    </ClCompile>
    <ClCompile Include="proj3_src\proj3_1src\proj3_1_2src\Source3_1_2 - Copy (112).cpp">
      <Filter>Source Files\proj3_src\proj3_1src\proj3_1_2src</Filter>
    </ClCompile>
    <ClCompile Include="proj3_src\proj3_1src\proj3_1_2src\Source3_1_2 - Copy (113).cpp">
      <Filter>Source Files\proj3_src\proj3_1src\proj3_1_2src</Filter>
    </ClCompile>
    <ClCompile Include="proj3_src\proj3_1src\proj3_1_2src\Source3_1_2 - Copy (114).cpp">
      <Filter>Source Files\proj3_src\proj3_1src\proj3_1_2src</Filter>
    </ClCompile>
    <ClCompile Include="proj3_src\proj3_1src\proj3_1_2src\Source3_1_2 - Copy (115).cpp">
      <Filter>Source Files\proj3_src\proj3_1src\proj3_1_2src</Filter>
    </ClCompile>
    <ClCompile Include="proj3_src\proj3_1src\proj3_1_2src\Source3_1_2 - Copy (116).cpp">
      <Filter>Source Files\proj3_src\proj3_1src\proj3_1_2src</Filter>
    </ClCompile>
    <ClCompile Include="proj3_src\proj3_1src\proj3_1_2src\Source3_1_2 - Copy (117).cpp">
      <Filter>Source Files\proj3_src\proj3_1src\proj3_1_2src</Filter>
    </ClCompile>
    <ClCompile Include="proj3_src\proj3_1src\proj3_1_2src\Source3_1_2 - Copy (118).cpp">
      <Filter>Source Files\proj3_src\proj3_1src\proj3_1_2src</Filter>
    </ClCompile>
    <ClCompile Include="proj3_src\proj3_1src\proj3_1_2src\Source3_1_2 - Copy (119).cpp">
      <Filter>Source Files\proj3_src\proj3_1src\proj3_1_2src</Filter>
    </ClCompile>
    <ClCompile Include="proj3_src\proj3_1src\proj3_1_2src\Source3_1_2 - Copy (120).cpp">
      <Filter>Source Files\proj3_src\proj3_1src\proj3_1_2src</Filter>
    </ClCompile>
    <ClCompile Include="proj3_src\proj3_1src\proj3_1_2src\Source3_1_2 - Copy (121).cpp">
      <Filter>Source Files\proj3_src\proj3_1src\proj3_1_2src</Filter>
    </ClCompile>
    <ClCompile Include="proj3_src\proj3_1src\proj3_1_2src\Source3_1_2 - Copy (122).cpp">
      <Filter>Source Files\proj3_src\proj3_1src\proj3_1_2src</Filter>
    </ClCompile>
    <ClCompile Include="proj3_src\proj3_1src\proj3_1_2src\Source3_1_2 - Copy (123).cpp">
      <Filter>Source Files\proj3_src\proj3_1src\proj3_1_2src</Filter>
    </ClCompile>
    <ClCompile Include="proj3_src\proj3_1src\proj3_1_2src\Source3_1_2 - Copy (124).cpp">
      <Filter>Source Files\proj3_src\proj3_1src\proj3_1_2src</Filter>
    </ClCompile>
    <ClCompile Include="proj3_src\proj3_1src\proj3_1_2src\Source3_1_2 - Copy (125).cpp">
      <Filter>Source Files\proj3_src\proj3_1src\proj3_1_2src</Filter>
    </ClCompile>
    <ClCompile Include="proj3_src\proj3_1src\proj3_1_2src\Source3_1_2 - Copy (126).cpp">
      <Filter>Source Files\proj3_src\proj3_1src\proj3_1_2src</Filter>
    </ClCompile>
    <ClCompile Include="proj3_src\proj3_1src\proj3_1_2src\Source3_1_2 - Copy (127).cpp">
      <Filter>Source Files\proj3_src\proj3_1src\proj3_1_2src</Filter>
    </ClCompile>
    <ClCompile Include="proj3_src\proj3_1src\proj3_1_2src\Source3_1_2 - Copy (128).cpp">
      <Filter>Source Files\proj3_src\proj3_1src\proj3_1_2src</Filter>
    </ClCompile>
    <ClCompile Include="proj3_src\proj3_1src\proj3_1_2src\Source3_1_2 - Copy (129).cpp">
      <Filter>Source Files\proj3_src\proj3_1src\proj3_1_2src</Filter>
    </ClCompile>
    <ClCompile Include="proj3_src\proj3_1src\proj3_1_2src\Source3_1_2 - Copy (130).cpp">
      <Filter>Source Files\proj3_src\proj3_1src\proj3_1_2src</Filter>
    </ClCompile>
    <ClCompile Include="proj3_src\proj3_1src\proj3_1_2src\Source3_1_2 - Copy (131).cpp">
      <Filter>Source Files\proj3_src\proj3_1src\proj3_1_2src</Filter>
    </ClCompile>
    <ClCompile Include="proj3_src\proj3_1src\proj3_1_2src\Source3_1_2 - Copy (132).cpp">
      <Filter>Source Files\proj3_src\proj3_1src\proj3_1_2src</Filter>
    </ClCompile>
    <ClCompile Include="proj3_src\proj3_1src\proj3_1_2src\Source3_1_2 - Copy (133).cpp">
      <Filter>Source Files\proj3_src\proj3_1src\proj3_1_2src</Filter>
    </ClCompile>
    <ClCompile Include="proj3_src\proj3_1src\proj3_1_2src\Source3_1_2 - Copy (134).cpp">
      <Filter>Source Files\proj3_src\proj3_1src\proj3_1_2src</Filter>
    </ClCompile>
    <ClCompile Include="proj3_src\proj3_1src\proj3_1_2src\Source3_1_2 - Copy (135).cpp">
      <Filter>Source Files\proj3_src\proj3_1src\proj3_1_2src</Filter>
    </ClCompile>
    <ClCompile Include="proj3_src\proj3_1src\proj3_1_2src\Source3_1_2 - Copy (136).cpp">
      <Filter>Source Files\proj3_src\proj3_1src\proj3_1_2src</Filter>
    </ClCompile>
    <ClCompile Include="proj3_src\proj3_1src\proj3_1_2src\Source3_1_2 - Copy (137).cpp">
      <Filter>Source Files\proj3_src\proj3_1src\proj3_1_2src</Filter>
    </ClCompile>
    <ClCompile Include="proj3_src\proj3_1src\proj3_1_2src\Source3_1_2 - Copy (138).cpp">
      <Filter>Source Files\proj3_src\proj3_1src\proj3_1_2src</Filter>
    </ClCompile>
    <ClCompile Include="proj3_src\proj3_1src\proj3_1_2src\Source3_1_2 - Copy (139).cpp">
      <Filter>Source Files\proj3_src\proj3_1src\proj3_1_2src</Filter>
    </ClCompile>
    <ClCompile Include="proj3_src\proj3_1src\proj3_1_2src\Source3_1_2 - Copy (140).cpp">
      <Filter>Source Files\proj3_src\proj3_1src\proj3_1_2src</Filter>
    </ClCompile>
    <ClCompile Include="proj3_src\proj3_1src\proj3_1_2src\Source3_1_2 - Copy (141).cpp">
      <Filter>Source Files\proj3_src\proj3_1src\proj3_1_2src</Filter>
    </ClCompile>
    <ClCompile Include="proj3_src\proj3_1src\proj3_1_2src\Source3_1_2 - Copy (142).cpp">
      <Filter>Source Files\proj3_src\proj3_1src\proj3_1_2src</Filter>
    </ClCompile>
    <ClCompile Include="proj3_src\proj3_1src\proj3_1_2src\Source3_1_2 - Copy (143).cpp">
      <Filter>Source Files\proj3_src\proj3_1src\proj3_1_2src</Filter>
    </ClCompile>
    <ClCompile Include="proj3_src\proj3_1src\proj3_1_2src\Source3_1_2 - Copy (144).cpp">
      <Filter>Source Files\proj3_src\proj3_1src\proj3_1_2src</Filter>
    </ClCompile>
    <ClCompile Include="proj3_src\proj3_1src\proj3_1_2src\Source3_1_2 - Copy (145).cpp">
      <Filter>Source Files\proj3_src\proj3_1src\proj3_1_2src</Filter>
    </ClCompile>
    <ClCompile Include="proj3_src\proj3_1src\proj3_1_2src\Source3_1_2 - Copy (146).cpp">
      <Filter>Source Files\proj3_src\proj3_1src\proj3_1_2src</Filter>
    </ClCompile>
    <ClCompile Include="proj3_src\proj3_1src\proj3_1_2src\Source3_1_2 - Copy (147).cpp">
      <Filter>Source Files\proj3_src\proj3_1src\proj3_1_2src</Filter>
    </ClCompile>
    <ClCompile Include="proj3_src\proj3_1src\proj3_1_2src\Source3_1_2 - Copy (148).cpp">
      <Filter>Source Files\proj3_src\proj3_1src\proj3_1_2src</Filter>
    </ClCompile>
    <ClCompile Include="proj3_src\proj3_1src\proj3_1_2src\Source3_1_2 - Copy (149).cpp">
      <Filter>Source Files\proj3_src\proj3_1src\proj3_1_2src</Filter>
    </ClCompile>
    <ClCompile Include="proj3_src\proj3_1src\proj3_1_2src\Source3_1_2 - Copy (150).cpp">
      <Filter>Source Files\proj3_src\proj3_1src\proj3_1_2src</Filter>
    </ClCompile>
    <ClCompile Include="proj3_src\proj3_1src\proj3_1_2src\Source3_1_2 - Copy (151).cpp">
      <Filter>Source Files\proj3_src\proj3_1src\proj3_1_2src</Filter>
    </ClCompile>
    <ClCompile Include="proj3_src\proj3_1src\proj3_1_2src\Source3_1_2 - Copy (152).cpp">
      <Filter>Source Files\proj3_src\proj3_1src\proj3_1_2src</Filter>
    </ClCompile>
    <ClCompile Include="proj3_src\proj3_1src\proj3_1_2src\Source3_1_2 - Copy (153).cpp">
      <Filter>Source Files\proj3_src\proj3_1src\proj3_1_2src</Filter>
    </ClCompile>
    <ClCompile Include="proj3_src\proj3_1src\proj3_1_2src\Source3_1_2 - Copy (154).cpp">
      <Filter>Source Files\proj3_src\proj3_1src\proj3_1_2src</Filter>
    </ClCompile>
    <ClCompile Include="proj3_src\proj3_1src\proj3_1_2src\Source3_1_2 - Copy (155).cpp">
      <Filter>Source Files\proj3_src\proj3_1src\proj3_1_2src</Filter>
    </ClCompile>
    <ClCompile Include="proj3_src\proj3_1src\proj3_1_2src\Source3_1_2 - Copy (156).cpp">
      <Filter>Source Files\proj3_src\proj3_1src\proj3_1_2src</Filter>
    </ClCompile>
    <ClCompile Include="proj3_src\proj3_1src\proj3_1_2src\Source3_1_2 - Copy (157).cpp">
      <Filter>Source Files\proj3_src\proj3_1src\proj3_1_2src</Filter>
    </ClCompile>
    <ClCompile Include="proj3_src\proj3_1src\proj3_1_2src\Source3_1_2 - Copy (158).cpp">
      <Filter>Source Files\proj3_src\proj3_1src\proj3_1_2src</Filter>
    </ClCompile>
    <ClCompile Include="proj3_src\proj3_1src\proj3_1_2src\Source3_1_2 - Copy (159).cpp">
      <Filter>Source Files\proj3_src\proj3_1src\proj3_1_2src</Filter>
    </ClCompile>
    <ClCompile Include="proj3_src\proj3_1src\proj3_1_2src\Source3_1_2 - Copy (160).cpp">
      <Filter>Source Files\proj3_src\proj3_1src\proj3_1_2src</Filter>
    </ClCompile>
    <ClCompile Include="proj3_src\proj3_1src\proj3_1_2src\Source3_1_2 - Copy (161).cpp">
      <Filter>Source Files\proj3_src\proj3_1src\proj3_1_2src</Filter>
    </ClCompile>
    <ClCompile Include="proj3_src\proj3_1src\proj3_1_2src\Source3_1_2 - Copy (162).cpp">
      <Filter>Source Files\proj3_src\proj3_1src\proj3_1_2src</Filter>
    </ClCompile>
    <ClCompile Include="proj3_src\proj3_1src\proj3_1_2src\Source3_1_2 - Copy (163).cpp">
      <Filter>Source Files\proj3_src\proj3_1src\proj3_1_2src</Filter>
    </ClCompile>
    <ClCompile Include="proj3_src\proj3_1src\proj3_1_2src\Source3_1_2 - Copy (164).cpp">
      <Filter>Source Files\proj3_src\proj3_1src\proj3_1_2src</Filter>
    </ClCompile>
    <ClCompile Include="proj3_src\proj3_1src\proj3_1_2src\Source3_1_2 - Copy (165).cpp">
      <Filter>Source Files\proj3_src\proj3_1src\proj3_1_2src</Filter>
    </ClCompile>
    <ClCompile Include="proj3_src\proj3_1src\proj3_1_2src\Source3_1_2 - Copy (166).cpp">
      <Filter>Source Files\proj3_src\proj3_1src\proj3_1_2src</Filter>
    </ClCompile>
    <ClCompile Include="proj3_src\proj3_1src\proj3_1_2src\Source3_1_2 - Copy (167).cpp">
      <Filter>Source Files\proj3_src\proj3_1src\proj3_1_2src</Filter>
    </ClCompile>
    <ClCompile Include="proj3_src\proj3_1src\proj3_1_2src\Source3_1_2 - Copy (168).cpp">
      <Filter>Source Files\proj3_src\proj3_1src\proj3_1_2src</Filter>
    </ClCompile>
    <ClCompile Include="proj3_src\proj3_1src\proj3_1_2src\Source3_1_2 - Copy (169).cpp">
      <Filter>Source Files\proj3_src\proj3_1src\proj3_1_2src</Filter>
    </ClCompile>
    <ClCompile Include="proj3_src\proj3_1src\proj3_1_2src\Source3_1_2 - Copy (170).cpp">
      <Filter>Source Files\proj3_src\proj3_1src\proj3_1_2src</Filter>
    </ClCompile>
    <ClCompile Include="proj3_src\proj3_1src\proj3_1_2src\Source3_1_2 - Copy (171).cpp">
      <Filter>Source Files\proj3_src\proj3_1src\proj3_1_2src</Filter>
    </ClCompile>
    <ClCompile Include="proj3_src\proj3_1src\proj3_1_2src\Source3_1_2 - Copy (172).cpp">
      <Filter>Source Files\proj3_src\proj3_1src\proj3_1_2src</Filter>
    </ClCompile>
    <ClCompile Include="proj3_src\proj3_1src\proj3_1_2src\Source3_1_2 - Copy (173).cpp">
      <Filter>Source Files\proj3_src\proj3_1src\proj3_1_2src</Filter>
    </ClCompile>
    <ClCompile Include="proj3_src\proj3_1src\proj3_1_2src\Source3_1_2 - Copy (174).cpp">
      <Filter>Source Files\proj3_src\proj3_1src\proj3_1_2src</Filter>
    </ClCompile>
    <ClCompile Include="proj3_src\proj3_1src\proj3_1_2src\Source3_1_2 - Copy (175).cpp">
      <Filter>Source Files\proj3_src\proj3_1src\proj3_1_2src</Filter>
    </ClCompile>
    <ClCompile Include="proj3_src\proj3_1src\proj3_1_2src\Source3_1_2 - Copy (176).cpp">
      <Filter>Source Files\proj3_src\proj3_1src\proj3_1_2src</Filter>
    </ClCompile>
    <ClCompile Include="proj3_src\proj3_1src\proj3_1_2src\Source3_1_2 - Copy (177).cpp">
      <Filter>Source Files\proj3_src\proj3_1src\proj3_1_2src</Filter>
    </ClCompile>
    <ClCompile Include="proj3_src\proj3_1src\proj3_1_2src\Source3_1_2 - Copy (178).cpp">
      <Filter>Source Files\proj3_src\proj3_1src\proj3_1_2src</Filter>
    </ClCompile>
    <ClCompile Include="proj3_src\proj3_1src\proj3_1_2src\Source3_1_2 - Copy (179).cpp">
      <Filter>Source Files\proj3_src\proj3_1src\proj3_1_2src</Filter>
    </ClCompile>
    <ClCompile Include="proj3_src\proj3_1src\proj3_1_2src\Source3_1_2 - Copy (180).cpp">
      <Filter>Source Files\proj3_src\proj3_1src\proj3_1_2src</Filter>
    </ClCompile>
    <ClCompile Include="proj3_src\proj3_1src\proj3_1_2src\Source3_1_2 - Copy (181).cpp">
      <Filter>Source Files\proj3_src\proj3_1src\proj3_1_2src</Filter>
    </ClCompile>
    <ClCompile Include="proj3_src\proj3_1src\proj3_1_2src\Source3_1_2 - Copy (182).cpp">
      <Filter>Source Files\proj3_src\proj3_1src\proj3_1_2src</Filter>
    </ClCompile>
    <ClCompile Include="proj3_src\proj3_1src\proj3_1_2src\Source3_1_2 - Copy (183).cpp">
      <Filter>Source Files\proj3_src\proj3_1src\proj3_1_2src</Filter>
    </ClCompile>
    <ClCompile Include="proj3_src\proj3_1src\proj3_1_2src\Source3_1_2 - Copy (184).cpp">
      <Filter>Source Files\proj3_src\proj3_1src\proj3_1_2src</Filter>
    </ClCompile>
    <ClCompile Include="proj3_src\proj3_1src\proj3_1_2src\Source3_1_2 - Copy (185).cpp">
      <Filter>Source Files\proj3_src\proj3_1src\proj3_1_2src</Filter>
    </ClCompile>
    <ClCompile Include="proj3_src\proj3_1src\proj3_1_2src\Source3_1_2 - Copy (186).cpp">
      <Filter>Source Files\proj3_src\proj3_1src\proj3_1_2src</Filter>
    </ClCompile>
    <ClCompile Include="proj3_src\proj3_1src\proj3_1_2src\Source3_1_2 - Copy (187).cpp">
      <Filter>Source Files\proj3_src\proj3_1src\proj3_1_2src</Filter>
    </ClCompile>
    <ClCompile Include="proj3_src\proj3_1src\proj3_1_2src\Source3_1_2 - Copy (188).cpp">
      <Filter>Source Files\proj3_src\proj3_1src\proj3_1_2src</Filter>
    </ClCompile>
    <ClCompile Include="proj3_src\proj3_1src\proj3_1_2src\Source3_1_2 - Copy (189).cpp">
      <Filter>Source Files\proj3_src\proj3_1src\proj3_1_2src</Filter>
    </ClCompile>
    <ClCompile Include="proj3_src\proj3_1src\proj3_1_2src\Source3_1_2 - Copy (190).cpp">
      <Filter>Source Files\proj3_src\proj3_1src\proj3_1_2src</Filter>
    </ClCompile>
    <ClCompile Include="proj3_src\proj3_1src\proj3_1_2src\Source3_1_2 - Copy (191).cpp">
      <Filter>Source Files\proj3_src\proj3_1src\proj3_1_2src</Filter>
    </ClCompile>
    <ClCompile Include="proj3_src\proj3_1src\proj3_1_2src\Source3_1_2 - Copy (192).cpp">
      <Filter>Source Files\proj3_src\proj3_1src\proj3_1_2src</Filter>
    </ClCompile>
    <ClCompile Include="proj3_src\proj3_1src\proj3_1_2src\Source3_1_2 - Copy (193).cpp">
      <Filter>Source Files\proj3_src\proj3_1src\proj3_1_2src</Filter>
    </ClCompile>
    <ClCompile Include="proj3_src\proj3_1src\proj3_1_2src\Source3_1_2 - Copy (194).cpp">
      <Filter>Source Files\proj3_src\proj3_1src\proj3_1_2src</Filter>
    </ClCompile>
    <ClCompile Include="proj3_src\proj3_1src\proj3_1_2src\Source3_1_2 - Copy (195).cpp">
      <Filter>Source Files\proj3_src\proj3_1src\proj3_1_2src</Filter>
    </ClCompile>
    <ClCompile Include="proj3_src\proj3_1src\proj3_1_2src\Source3_1_2 - Copy (196).cpp">
      <Filter>Source Files\proj3_src\proj3_1src\proj3_1_2src</Filter>
    </ClCompile>
    <ClCompile Include="proj3_src\proj3_1src\proj3_1_2src\Source3_1_2 - Copy (197).cpp">
      <Filter>Source Files\proj3_src\proj3_1src\proj3_1_2src</Filter>
    </ClCompile>
    <ClCompile Include="proj3_src\proj3_1src\proj3_1_2src\Source3_1_2 - Copy (198).cpp">
      <Filter>Source Files\proj3_src\proj3_1src\proj3_1_2src</Filter>
    </ClCompile>
    <ClCompile Include="proj3_src\proj3_1src\proj3_1_2src\Source3_1_2 - Copy (199).cpp">
      <Filter>Source Files\proj3_src\proj3_1src\proj3_1_2src</Filter>
    </ClCompile>
    <ClCompile Include="proj3_src\proj3_1src\proj3_1_2src\Source3_1_2 - Copy (200).cpp">
      <Filter>Source Files\proj3_src\proj3_1src\proj3_1_2src</Filter>
    </ClCompile>
    <ClCompile Include="proj3_src\proj3_1src\proj3_1_2src\Source3_1_2 - Copy (201).cpp">
      <Filter>Source Files\proj3_src\proj3_1src\proj3_1_2src</Filter>
    </ClCompile>
    <ClCompile Include="proj3_src\proj3_1src\proj3_1_2src\Source3_1_2 - Copy (202).cpp">
      <Filter>Source Files\proj3_src\proj3_1src\proj3_1_2src</Filter>
    </ClCompile>
    <ClCompile Include="proj3_src\proj3_1src\proj3_1_2src\Source3_1_2 - Copy (203).cpp">
      <Filter>Source Files\proj3_src\proj3_1src\proj3_1_2src</Filter>
    </ClCompile>
    <ClCompile Include="proj3_src\proj3_1src\proj3_1_2src\Source3_1_2 - Copy (204).cpp">
      <Filter>Source Files\proj3_src\proj3_1src\proj3_1_2src</Filter>
    </ClCompile>
    <ClCompile Include="proj3_src\proj3_1src\proj3_1_2src\Source3_1_2 - Copy (205).cpp">
      <Filter>Source Files\proj3_src\proj3_1src\proj3_1_2src</Filter>
    </ClCompile>
    <ClCompile Include="proj3_src\proj3_1src\proj3_1_2src\Source3_1_2 - Copy (206).cpp">
      <Filter>Source Files\proj3_src\proj3_1src\proj3_1_2src</Filter>
    </ClCompile>
    <ClCompile Include="proj3_src\proj3_1src\proj3_1_2src\Source3_1_2 - Copy (207).cpp">
      <Filter>Source Files\proj3_src\proj3_1src\proj3_1_2src</Filter>
    </ClCompile>
    <ClCompile Include="proj3_src\proj3_1src\proj3_1_2src\Source3_1_2 - Copy (208).cpp">
      <Filter>Source Files\proj3_src\proj3_1src\proj3_1_2src</Filter>
    </ClCompile>
    <ClCompile Include="proj3_src\proj3_1src\proj3_1_2src\Source3_1_2 - Copy (209).cpp">
      <Filter>Source Files\proj3_src\proj3_1src\proj3_1_2src</Filter>
    </ClCompile>
    <ClCompile Include="proj3_src\proj3_1src\proj3_1_2src\Source3_1_2 - Copy (210).cpp">
      <Filter>Source Files\proj3_src\proj3_1src\proj3_1_2src</Filter>
    </ClCompile>
    <ClCompile Include="proj3_src\proj3_1src\proj3_1_2src\Source3_1_2 - Copy (211).cpp">
      <Filter>Source Files\proj3_src\proj3_1src\proj3_1_2src</Filter>
    </ClCompile>
    <ClCompile Include="proj3_src\proj3_1src\proj3_1_2src\Source3_1_2 - Copy (212).cpp">
      <Filter>Source Files\proj3_src\proj3_1src\proj3_1_2src</Filter>
    </ClCompile>
    <ClCompile Include="proj3_src\proj3_1src\proj3_1_2src\Source3_1_2 - Copy (213).cpp">
      <Filter>Source Files\proj3_src\proj3_1src\proj3_1_2src</Filter>
    </ClCompile>
    <ClCompile Include="proj3_src\proj3_1src\proj3_1_2src\Source3_1_2 - Copy (214).cpp">
      <Filter>Source Files\proj3_src\proj3_1src\proj3_1_2src</Filter>
    </ClCompile>
    <ClCompile Include="proj3_src\proj3_1src\proj3_1_2src\Source3_1_2 - Copy (215).cpp">
      <Filter>Source Files\proj3_src\proj3_1src\proj3_1_2src</Filter>
    </ClCompile>
    <ClCompile Include="proj3_src\proj3_1src\proj3_1_2src\Source3_1_2 - Copy (216).cpp">
      <Filter>Source Files\proj3_src\proj3_1src\proj3_1_2src</Filter>
    </ClCompile>
    <ClCompile Include="proj3_src\proj3_1src\proj3_1_2src\Source3_1_2 - Copy (217).cpp">
      <Filter>Source Files\proj3_src\proj3_1src\proj3_1_2src</Filter>
    </ClCompile>
    <ClCompile Include="proj3_src\proj3_1src\proj3_1_2src\Source3_1_2 - Copy (218).cpp">
      <Filter>Source Files\proj3_src\proj3_1src\proj3_1_2src</Filter>
    </ClCompile>
    <ClCompile Include="proj3_src\proj3_1src\proj3_1_2src\Source3_1_2 - Copy (219).cpp">
      <Filter>Source Files\proj3_src\proj3_1src\proj3_1_2src</Filter>
    </ClCompile>
    <ClCompile Include="proj3_src\proj3_1src\proj3_1_2src\Source3_1_2 - Copy (220).cpp">
      <Filter>Source Files\proj3_src\proj3_1src\proj3_1_2src</Filter>
    </ClCompile>
    <ClCompile Include="proj3_src\proj3_1src\proj3_1_2src\Source3_1_2 - Copy (221).cpp">
      <Filter>Source Files\proj3_src\proj3_1src\proj3_1_2src</Filter>
    </ClCompile>
    <ClCompile Include="proj3_src\proj3_1src\proj3_1_2src\Source3_1_2 - Copy (222).cpp">
      <Filter>Source Files\proj3_src\proj3_1src\proj3_1_2src</Filter>
    </ClCompile>
    <ClCompile Include="proj3_src\proj3_1src\proj3_1_2src\Source3_1_2 - Copy (223).cpp">
      <Filter>Source Files\proj3_src\proj3_1src\proj3_1_2src</Filter>
    </ClCompile>
    <ClCompile Include="proj3_src\proj3_1src\proj3_1_2src\Source3_1_2 - Copy (224).cpp">
      <Filter>Source Files\proj3_src\proj3_1src\proj3_1_2src</Filter>
    </ClCompile>
    <ClCompile Include="proj3_src\proj3_1src\proj3_1_2src\Source3_1_2 - Copy (225).cpp">
      <Filter>Source Files\proj3_src\proj3_1src\proj3_1_2src</Filter>
    </ClCompile>
    <ClCompile Include="proj3_src\proj3_1src\proj3_1_2src\Source3_1_2 - Copy (226).cpp">
      <Filter>Source Files\proj3_src\proj3_1src\proj3_1_2src</Filter>
    </ClCompile>
    <ClCompile Include="proj3_src\proj3_1src\proj3_1_2src\Source3_1_2 - Copy (227).cpp">
      <Filter>Source Files\proj3_src\proj3_1src\proj3_1_2src</Filter>
    </ClCompile>
    <ClCompile Include="proj3_src\proj3_1src\proj3_1_2src\Source3_1_2 - Copy (228).cpp">
      <Filter>Source Files\proj3_src\proj3_1src\proj3_1_2src</Filter>
    </ClCompile>
    <ClCompile Include="proj3_src\proj3_1src\proj3_1_2src\Source3_1_2 - Copy (229).cpp">
      <Filter>Source Files\proj3_src\proj3_1src\proj3_1_2src</Filter>
    </ClCompile>
    <ClCompile Include="proj3_src\proj3_1src\proj3_1_2src\Source3_1_2 - Copy (230).cpp">
      <Filter>Source Files\proj3_src\proj3_1src\proj3_1_2src</Filter>
    </ClCompile>
    <ClCompile Include="proj3_src\proj3_1src\proj3_1_2src\Source3_1_2 - Copy (231).cpp">
      <Filter>Source Files\proj3_src\proj3_1src\proj3_1_2src</Filter>
    </ClCompile>
    <ClCompile Include="proj3_src\proj3_1src\proj3_1_2src\Source3_1_2 - Copy (232).cpp">
      <Filter>Source Files\proj3_src\proj3_1src\proj3_1_2src</Filter>
    </ClCompile>
    <ClCompile Include="proj3_src\proj3_1src\proj3_1_2src\Source3_1_2 - Copy (233).cpp">
      <Filter>Source Files\proj3_src\proj3_1src\proj3_1_2src</Filter>
    </ClCompile>
    <ClCompile Include="proj3_src\proj3_1src\proj3_1_2src\Source3_1_2 - Copy (234).cpp">
      <Filter>Source Files\proj3_src\proj3_1src\proj3_1_2src</Filter>
    </ClCompile>
    <ClCompile Include="proj3_src\proj3_1src\proj3_1_2src\Source3_1_2 - Copy (235).cpp">
      <Filter>Source Files\proj3_src\proj3_1src\proj3_1_2src</Filter>
    </ClCompile>
    <ClCompile Include="proj3_src\proj3_1src\proj3_1_2src\Source3_1_2 - Copy (236).cpp">
      <Filter>Source Files\proj3_src\proj3_1src\proj3_1_2src</Filter>
    </ClCompile>
    <ClCompile Include="proj3_src\proj3_1src\proj3_1_2src\Source3_1_2 - Copy (237).cpp">
      <Filter>Source Files\proj3_src\proj3_1src\proj3_1_2src</Filter>
    </ClCompile>
    <ClCompile Include="proj3_src\proj3_1src\proj3_1_2src\Source3_1_2 - Copy (238).cpp">
      <Filter>Source Files\proj3_src\proj3_1src\proj3_1_2src</Filter>
    </ClCompile>
    <ClCompile Include="proj3_src\proj3_1src\proj3_1_2src\Source3_1_2 - Copy (239).cpp">
      <Filter>Source Files\proj3_src\proj3_1src\proj3_1_2src</Filter>
    </ClCompile>
    <ClCompile Include="proj3_src\proj3_1src\proj3_1_2src\Source3_1_2 - Copy (240).cpp">
      <Filter>Source Files\proj3_src\proj3_1src\proj3_1_2src</Filter>
    </ClCompile>
    <ClCompile Include="proj3_src\proj3_1src\proj3_1_2src\Source3_1_2 - Copy (241).cpp">
      <Filter>Source Files\proj3_src\proj3_1src\proj3_1_2src</Filter>
    </ClCompile>
    <ClCompile Include="proj3_src\proj3_1src\proj3_1_2src\Source3_1_2 - Copy (242).cpp">
      <Filter>Source Files\proj3_src\proj3_1src\proj3_1_2src</Filter>
    </ClCompile>
    <ClCompile Include="proj3_src\proj3_1src\proj3_1_2src\Source3_1_2 - Copy (243).cpp">
      <Filter>Source Files\proj3_src\proj3_1src\proj3_1_2src</Filter>
    </ClCompile>
    <ClCompile Include="proj3_src\proj3_1src\proj3_1_2src\Source3_1_2 - Copy (244).cpp">
      <Filter>Source Files\proj3_src\proj3_1src\proj3_1_2src</Filter>
    </ClCompile>
    <ClCompile Include="proj3_src\proj3_1src\proj3_1_2src\Source3_1_2 - Copy (245).cpp">
      <Filter>Source Files\proj3_src\proj3_1src\proj3_1_2src</Filter>
    </ClCompile>
    <ClCompile Include="proj3_src\proj3_1src\proj3_1_2src\Source3_1_2 - Copy (246).cpp">
      <Filter>Source Files\proj3_src\proj3_1src\proj3_1_2src</Filter>
    </ClCompile>
    <ClCompile Include="proj3_src\proj3_1src\proj3_1_2src\Source3_1_2 - Copy (247).cpp">
      <Filter>Source Files\proj3_src\proj3_1src\proj3_1_2src</Filter>
    </ClCompile>
    <ClCompile Include="proj3_src\proj3_1src\proj3_1_2src\Source3_1_2 - Copy (248).cpp">
      <Filter>Source Files\proj3_src\proj3_1src\proj3_1_2src</Filter>
    </ClCompile>
    <ClCompile Include="proj3_src\proj3_1src\proj3_1_2src\Source3_1_2 - Copy (249).cpp">
      <Filter>Source Files\proj3_src\proj3_1src\proj3_1_2src</Filter>
    </ClCompile>
    <ClCompile Include="proj3_src\proj3_1src\proj3_1_2src\Source3_1_2 - Copy (250).cpp">
      <Filter>Source Files\proj3_src\proj3_1src\proj3_1_2src</Filter>
    </ClCompile>
    <ClCompile Include="proj3_src\proj3_1src\proj3_1_2src\Source3_1_2 - Copy (251).cpp">
      <Filter>Source Files\proj3_src\proj3_1src\proj3_1_2src</Filter>
    </ClCompile>
    <ClCompile Include="proj3_src\proj3_1src\proj3_1_2src\Source3_1_2 - Copy (252).cpp">
      <Filter>Source Files\proj3_src\proj3_1src\proj3_1_2src</Filter>
    </ClCompile>
    <ClCompile Include="proj3_src\proj3_2src\Source3_2 - Copy (2).cpp">
      <Filter>Source Files\proj3_src\proj3_2src</Filter>
    </ClCompile>
    <ClCompile Include="proj3_src\proj3_2src\Source3_2 - Copy (3).cpp">
      <Filter>Source Files\proj3_src\proj3_2src</Filter>
    </ClCompile>
    <ClCompile Include="proj3_src\proj3_2src\Source3_2 - Copy (4).cpp">
      <Filter>Source Files\proj3_src\proj3_2src</Filter>
    </ClCompile>
    <ClCompile Include="proj3_src\proj3_2src\Source3_2 - Copy (5).cpp">
      <Filter>Source Files\proj3_src\proj3_2src</Filter>
    </ClCompile>
    <ClCompile Include="proj3_src\proj3_2src\Source3_2 - Copy (6).cpp">
      <Filter>Source Files\proj3_src\proj3_2src</Filter>
    </ClCompile>
    <ClCompile Include="proj3_src\proj3_2src\Source3_2 - Copy (7).cpp">
      <Filter>Source Files\proj3_src\proj3_2src</Filter>
    </ClCompile>
    <ClCompile Include="proj3_src\proj3_2src\Source3_2 - Copy (8).cpp">
      <Filter>Source Files\proj3_src\proj3_2src</Filter>
    </ClCompile>
    <ClCompile Include="proj3_src\proj3_2src\Source3_2 - Copy (9).cpp">
      <Filter>Source Files\proj3_src\proj3_2src</Filter>
    </ClCompile>
    <ClCompile Include="proj3_src\proj3_2src\Source3_2 - Copy (10).cpp">
      <Filter>Source Files\proj3_src\proj3_2src</Filter>
    </ClCompile>
    <ClCompile Include="proj3_src\proj3_2src\Source3_2 - Copy (11).cpp">
      <Filter>Source Files\proj3_src\proj3_2src</Filter>
    </ClCompile>
    <ClCompile Include="proj3_src\proj3_2src\Source3_2 - Copy (12).cpp">
      <Filter>Source Files\proj3_src\proj3_2src</Filter>
    </ClCompile>
    <ClCompile Include="proj3_src\proj3_2src\Source3_2 - Copy (13).cpp">
      <Filter>Source Files\proj3_src\proj3_2src</Filter>
    </ClCompile>
    <ClCompile Include="proj3_src\proj3_2src\Source3_2 - Copy (14).cpp">
      <Filter>Source Files\proj3_src\proj3_2src</Filter>
    </ClCompile>
    <ClCompile Include="proj3_src\proj3_2src\Source3_2 - Copy (15).cpp">
      <Filter>Source Files\proj3_src\proj3_2src</Filter>
    </ClCompile>
    <ClCompile Include="proj3_src\proj3_2src\Source3_2 - Copy (16).cpp">
      <Filter>Source Files\proj3_src\proj3_2src</Filter>
    </ClCompile>
    <ClCompile Include="proj3_src\proj3_2src\Source3_2 - Copy (17).cpp">
      <Filter>Source Files\proj3_src\proj3_2src</Filter>
    </ClCompile>
    <ClCompile Include="proj3_src\proj3_2src\Source3_2 - Copy (18).cpp">
      <Filter>Source Files\proj3_src\proj3_2src</Filter>
    </ClCompile>
    <ClCompile Include="proj3_src\proj3_2src\Source3_2 - Copy (19).cpp">
      <Filter>Source Files\proj3_src\proj3_2src</Filter>
    </ClCompile>
    <ClCompile Include="proj3_src\proj3_2src\Source3_2 - Copy (20).cpp">
      <Filter>Source Files\proj3_src\proj3_2src</Filter>
    </ClCompile>
    <ClCompile Include="proj3_src\proj3_2src\Source3_2 - Copy (21).cpp">
      <Filter>Source Files\proj3_src\proj3_2src</Filter>
    </ClCompile>
    <ClCompile Include="proj3_src\proj3_2src\Source3_2 - Copy (22).cpp">
      <Filter>Source Files\proj3_src\proj3_2src</Filter>
    </ClCompile>
    <ClCompile Include="proj3_src\proj3_2src\Source3_2 - Copy (23).cpp">
      <Filter>Source Files\proj3_src\proj3_2src</Filter>
    </ClCompile>
    <ClCompile Include="proj3_src\proj3_2src\Source3_2 - Copy (24).cpp">
      <Filter>Source Files\proj3_src\proj3_2src</Filter>
    </ClCompile>
    <ClCompile Include="proj3_src\proj3_2src\Source3_2 - Copy (25).cpp">
      <Filter>Source Files\proj3_src\proj3_2src</Filter>
    </ClCompile>
    <ClCompile Include="proj3_src\proj3_2src\Source3_2 - Copy (26).cpp">
      <Filter>Source Files\proj3_src\proj3_2src</Filter>
    </ClCompile>
    <ClCompile Include="proj3_src\proj3_2src\Source3_2 - Copy (27).cpp">
      <Filter>Source Files\proj3_src\proj3_2src</Filter>
    </ClCompile>
    <ClCompile Include="proj3_src\proj3_2src\Source3_2 - Copy (28).cpp">
      <Filter>Source Files\proj3_src\proj3_2src</Filter>
    </ClCompile>
    <ClCompile Include="proj3_src\proj3_2src\Source3_2 - Copy (29).cpp">
      <Filter>Source Files\proj3_src\proj3_2src</Filter>
    </ClCompile>
    <ClCompile Include="proj3_src\proj3_2src\Source3_2 - Copy (30).cpp">
      <Filter>Source Files\proj3_src\proj3_2src</Filter>
    </ClCompile>
    <ClCompile Include="proj3_src\proj3_2src\Source3_2 - Copy (31).cpp">
      <Filter>Source Files\proj3_src\proj3_2src</Filter>
    </ClCompile>
    <ClCompile Include="proj3_src\proj3_2src\Source3_2 - Copy (32).cpp">
      <Filter>Source Files\proj3_src\proj3_2src</Filter>
    </ClCompile>
    <ClCompile Include="proj3_src\proj3_2src\Source3_2 - Copy (33).cpp">
      <Filter>Source Files\proj3_src\proj3_2src</Filter>
    </ClCompile>
    <ClCompile Include="proj3_src\proj3_2src\Source3_2 - Copy (34).cpp">
      <Filter>Source Files\proj3_src\proj3_2src</Filter>
    </ClCompile>
    <ClCompile Include="proj3_src\proj3_2src\Source3_2 - Copy (35).cpp">
      <Filter>Source Files\proj3_src\proj3_2src</Filter>
    </ClCompile>
    <ClCompile Include="proj3_src\proj3_2src\Source3_2 - Copy (36).cpp">
      <Filter>Source Files\proj3_src\proj3_2src</Filter>
    </ClCompile>
    <ClCompile Include="proj3_src\proj3_2src\Source3_2 - Copy (37).cpp">
      <Filter>Source Files\proj3_src\proj3_2src</Filter>
    </ClCompile>
    <ClCompile Include="proj3_src\proj3_2src\Source3_2 - Copy (38).cpp">
      <Filter>Source Files\proj3_src\proj3_2src</Filter>
    </ClCompile>
    <ClCompile Include="proj3_src\proj3_2src\Source3_2 - Copy (39).cpp">
      <Filter>Source Files\proj3_src\proj3_2src</Filter>
    </ClCompile>
    <ClCompile Include="proj3_src\proj3_2src\Source3_2 - Copy (40).cpp">
      <Filter>Source Files\proj3_src\proj3_2src</Filter>
    </ClCompile>
    <ClCompile Include="proj3_src\proj3_2src\Source3_2 - Copy (41).cpp">
      <Filter>Source Files\proj3_src\proj3_2src</Filter>
    </ClCompile>
    <ClCompile Include="proj3_src\proj3_2src\Source3_2 - Copy (42).cpp">
      <Filter>Source Files\proj3_src\proj3_2src</Filter>
    </ClCompile>
    <ClCompile Include="proj3_src\proj3_2src\Source3_2 - Copy (43).cpp">
      <Filter>Source Files\proj3_src\proj3_2src</Filter>
    </ClCompile>
    <ClCompile Include="proj3_src\proj3_2src\Source3_2 - Copy (44).cpp">
      <Filter>Source Files\proj3_src\proj3_2src</Filter>
    </ClCompile>
    <ClCompile Include="proj3_src\proj3_2src\Source3_2 - Copy (45).cpp">
      <Filter>Source Files\proj3_src\proj3_2src</Filter>
    </ClCompile>
    <ClCompile Include="proj3_src\proj3_2src\Source3_2 - Copy (46).cpp">
      <Filter>Source Files\proj3_src\proj3_2src</Filter>
    </ClCompile>
    <ClCompile Include="proj3_src\proj3_2src\Source3_2 - Copy (47).cpp">
      <Filter>Source Files\proj3_src\proj3_2src</Filter>
    </ClCompile>
    <ClCompile Include="proj3_src\proj3_2src\Source3_2 - Copy (48).cpp">
      <Filter>Source Files\proj3_src\proj3_2src</Filter>
    </ClCompile>
    <ClCompile Include="proj3_src\proj3_2src\Source3_2 - Copy (49).cpp">
      <Filter>Source Files\proj3_src\proj3_2src</Filter>
    </ClCompile>
    <ClCompile Include="proj3_src\proj3_2src\Source3_2 - Copy (50).cpp">
      <Filter>Source Files\proj3_src\proj3_2src</Filter>
    </ClCompile>
    <ClCompile Include="proj3_src\proj3_2src\Source3_2 - Copy (51).cpp">
      <Filter>Source Files\proj3_src\proj3_2src</Filter>
    </ClCompile>
    <ClCompile Include="proj3_src\proj3_2src\Source3_2 - Copy (52).cpp">
      <Filter>Source Files\proj3_src\proj3_2src</Filter>
    </ClCompile>
    <ClCompile Include="proj3_src\proj3_2src\Source3_2 - Copy (53).cpp">
      <Filter>Source Files\proj3_src\proj3_2src</Filter>
    </ClCompile>
    <ClCompile Include="proj3_src\proj3_2src\Source3_2 - Copy (54).cpp">
      <Filter>Source Files\proj3_src\proj3_2src</Filter>
    </ClCompile>
    <ClCompile Include="proj3_src\proj3_2src\Source3_2 - Copy (55).cpp">
      <Filter>Source Files\proj3_src\proj3_2src</Filter>
    </ClCompile>
    <ClCompile Include="proj3_src\proj3_2src\Source3_2 - Copy (56).cpp">
      <Filter>Source Files\proj3_src\proj3_2src</Filter>
    </ClCompile>
    <ClCompile Include="proj3_src\proj3_2src\Source3_2 - Copy (57).cpp">
      <Filter>Source Files\proj3_src\proj3_2src</Filter>
    </ClCompile>
    <ClCompile Include="proj3_src\proj3_2src\Source3_2 - Copy (58).cpp">
      <Filter>Source Files\proj3_src\proj3_2src</Filter>
    </ClCompile>
    <ClCompile Include="proj3_src\proj3_2src\Source3_2 - Copy (59).cpp">
      <Filter>Source Files\proj3_src\proj3_2src</Filter>
    </ClCompile>
    <ClCompile Include="proj3_src\proj3_2src\Source3_2 - Copy (60).cpp">
      <Filter>Source Files\proj3_src\proj3_2src</Filter>
    </ClCompile>
    <ClCompile Include="proj3_src\proj3_2src\Source3_2 - Copy (61).cpp">
      <Filter>Source Files\proj3_src\proj3_2src</Filter>
    </ClCompile>
    <ClCompile Include="proj3_src\proj3_2src\Source3_2 - Copy (62).cpp">
      <Filter>Source Files\proj3_src\proj3_2src</Filter>
    </ClCompile>
    <ClCompile Include="proj3_src\proj3_2src\Source3_2 - Copy (63).cpp">
      <Filter>Source Files\proj3_src\proj3_2src</Filter>
    </ClCompile>
    <ClCompile Include="proj3_src\proj3_2src\Source3_2 - Copy (64).cpp">
      <Filter>Source Files\proj3_src\proj3_2src</Filter>
    </ClCompile>
    <ClCompile Include="proj3_src\proj3_2src\Source3_2 - Copy (65).cpp">
      <Filter>Source Files\proj3_src\proj3_2src</Filter>
    </ClCompile>
    <ClCompile Include="proj3_src\proj3_2src\Source3_2 - Copy (66).cpp">
      <Filter>Source Files\proj3_src\proj3_2src</Filter>
    </ClCompile>
    <ClCompile Include="proj3_src\proj3_2src\Source3_2 - Copy (67).cpp">
      <Filter>Source Files\proj3_src\proj3_2src</Filter>
    </ClCompile>
    <ClCompile Include="proj3_src\proj3_2src\Source3_2 - Copy (68).cpp">
      <Filter>Source Files\proj3_src\proj3_2src</Filter>
    </ClCompile>
    <ClCompile Include="proj3_src\proj3_2src\Source3_2 - Copy (69).cpp">
      <Filter>Source Files\proj3_src\proj3_2src</Filter>
    </ClCompile>
    <ClCompile Include="proj3_src\proj3_2src\Source3_2 - Copy (70).cpp">
      <Filter>Source Files\proj3_src\proj3_2src</Filter>
    </ClCompile>
    <ClCompile Include="proj3_src\proj3_2src\Source3_2 - Copy (71).cpp">
      <Filter>Source Files\proj3_src\proj3_2src</Filter>
    </ClCompile>
    <ClCompile Include="proj3_src\proj3_2src\Source3_2 - Copy (72).cpp">
      <Filter>Source Files\proj3_src\proj3_2src</Filter>
    </ClCompile>
    <ClCompile Include="proj3_src\proj3_2src\Source3_2 - Copy (73).cpp">
      <Filter>Source Files\proj3_src\proj3_2src</Filter>
    </ClCompile>
    <ClCompile Include="proj3_src\proj3_2src\Source3_2 - Copy (74).cpp">
      <Filter>Source Files\proj3_src\proj3_2src</Filter>
    </ClCompile>
    <ClCompile Include="proj3_src\proj3_2src\Source3_2 - Copy (75).cpp">
      <Filter>Source Files\proj3_src\proj3_2src</Filter>
    </ClCompile>
    <ClCompile Include="proj3_src\proj3_2src\Source3_2 - Copy (76).cpp">
      <Filter>Source Files\proj3_src\proj3_2src</Filter>
    </ClCompile>
    <ClCompile Include="proj3_src\proj3_2src\Source3_2 - Copy (77).cpp">
      <Filter>Source Files\proj3_src\proj3_2src</Filter>
    </ClCompile>
    <ClCompile Include="proj3_src\proj3_2src\Source3_2 - Copy (78).cpp">
      <Filter>Source Files\proj3_src\proj3_2src</Filter>
    </ClCompile>
    <ClCompile Include="proj3_src\proj3_2src\Source3_2 - Copy (79).cpp">
      <Filter>Source Files\proj3_src\proj3_2src</Filter>
    </ClCompile>
    <ClCompile Include="proj3_src\proj3_2src\Source3_2 - Copy (80).cpp">
      <Filter>Source Files\proj3_src\proj3_2src</Filter>
    </ClCompile>
    <ClCompile Include="proj3_src\proj3_2src\Source3_2 - Copy (81).cpp">
      <Filter>Source Files\proj3_src\proj3_2src</Filter>
    </ClCompile>
    <ClCompile Include="proj3_src\proj3_2src\Source3_2 - Copy (82).cpp">
      <Filter>Source Files\proj3_src\proj3_2src</Filter>
    </ClCompile>
    <ClCompile Include="proj3_src\proj3_2src\Source3_2 - Copy (83).cpp">
      <Filter>Source Files\proj3_src\proj3_2src</Filter>
    </ClCompile>
    <ClCompile Include="proj3_src\proj3_2src\Source3_2 - Copy (84).cpp">
      <Filter>Source Files\proj3_src\proj3_2src</Filter>
    </ClCompile>
    <ClCompile Include="proj3_src\proj3_2src\Source3_2 - Copy (85).cpp">
      <Filter>Source Files\proj3_src\proj3_2src</Filter>
    </ClCompile>
    <ClCompile Include="proj3_src\proj3_2src\Source3_2 - Copy (86).cpp">
      <Filter>Source Files\proj3_src\proj3_2src</Filter>
    </ClCompile>
    <ClCompile Include="proj3_src\proj3_2src\Source3_2 - Copy (87).cpp">
      <Filter>Source Files\proj3_src\proj3_2src</Filter>
    </ClCompile>
    <ClCompile Include="proj3_src\proj3_2src\Source3_2 - Copy (88).cpp">
      <Filter>Source Files\proj3_src\proj3_2src</Filter>
    </ClCompile>
    <ClCompile Include="proj3_src\proj3_2src\Source3_2 - Copy (89).cpp">
      <Filter>Source Files\proj3_src\proj3_2src</Filter>
    </ClCompile>
    <ClCompile Include="proj3_src\proj3_2src\Source3_2 - Copy (90).cpp">
      <Filter>Source Files\proj3_src\proj3_2src</Filter>
    </ClCompile>
    <ClCompile Include="proj3_src\proj3_2src\Source3_2 - Copy (91).cpp">
      <Filter>Source Files\proj3_src\proj3_2src</Filter>
    </ClCompile>
    <ClCompile Include="proj3_src\proj3_2src\Source3_2 - Copy (92).cpp">
      <Filter>Source Files\proj3_src\proj3_2src</Filter>
    </ClCompile>
    <ClCompile Include="proj3_src\proj3_2src\Source3_2 - Copy (93).cpp">
      <Filter>Source Files\proj3_src\proj3_2src</Filter>
    </ClCompile>
    <ClCompile Include="proj3_src\proj3_2src\Source3_2 - Copy (94).cpp">
      <Filter>Source Files\proj3_src\proj3_2src</Filter>
    </ClCompile>
    <ClCompile Include="proj3_src\proj3_2src\Source3_2 - Copy (95).cpp">
      <Filter>Source Files\proj3_src\proj3_2src</Filter>
    </ClCompile>
    <ClCompile Include="proj3_src\proj3_2src\Source3_2 - Copy (96).cpp">
      <Filter>Source Files\proj3_src\proj3_2src</Filter>
    </ClCompile>
    <ClCompile Include="proj3_src\proj3_2src\Source3_2 - Copy (97).cpp">
      <Filter>Source Files\proj3_src\proj3_2src</Filter>
    </ClCompile>
    <ClCompile Include="proj3_src\proj3_2src\Source3_2 - Copy (98).cpp">
      <Filter>Source Files\proj3_src\proj3_2src</Filter>
    </ClCompile>
    <ClCompile Include="proj3_src\proj3_2src\Source3_2 - Copy (99).cpp">
      <Filter>Source Files\proj3_src\proj3_2src</Filter>
    </ClCompile>
    <ClCompile Include="proj3_src\proj3_2src\Source3_2 - Copy (100).cpp">
      <Filter>Source Files\proj3_src\proj3_2src</Filter>
    </ClCompile>
    <ClCompile Include="proj3_src\proj3_2src\Source3_2 - Copy (101).cpp">
      <Filter>Source Files\proj3_src\proj3_2src</Filter>
    </ClCompile>
    <ClCompile Include="proj3_src\proj3_2src\Source3_2 - Copy (102).cpp">
      <Filter>Source Files\proj3_src\proj3_2src</Filter>
    </ClCompile>
    <ClCompile Include="proj3_src\proj3_2src\Source3_2 - Copy (103).cpp">
      <Filter>Source Files\proj3_src\proj3_2src</Filter>
    </ClCompile>
    <ClCompile Include="proj3_src\proj3_2src\Source3_2 - Copy (104).cpp">
      <Filter>Source Files\proj3_src\proj3_2src</Filter>
    </ClCompile>
    <ClCompile Include="proj3_src\proj3_2src\Source3_2 - Copy (105).cpp">
      <Filter>Source Files\proj3_src\proj3_2src</Filter>
    </ClCompile>
    <ClCompile Include="proj3_src\proj3_2src\Source3_2 - Copy (106).cpp">
      <Filter>Source Files\proj3_src\proj3_2src</Filter>
    </ClCompile>
    <ClCompile Include="proj3_src\proj3_2src\Source3_2 - Copy (107).cpp">
      <Filter>Source Files\proj3_src\proj3_2src</Filter>
    </ClCompile>
    <ClCompile Include="proj3_src\proj3_2src\Source3_2 - Copy (108).cpp">
      <Filter>Source Files\proj3_src\proj3_2src</Filter>
    </ClCompile>
    <ClCompile Include="proj3_src\proj3_2src\Source3_2 - Copy (109).cpp">
      <Filter>Source Files\proj3_src\proj3_2src</Filter>
    </ClCompile>
    <ClCompile Include="proj3_src\proj3_2src\Source3_2 - Copy (110).cpp">
      <Filter>Source Files\proj3_src\proj3_2src</Filter>
    </ClCompile>
    <ClCompile Include="proj3_src\proj3_2src\Source3_2 - Copy (111).cpp">
      <Filter>Source Files\proj3_src\proj3_2src</Filter>
    </ClCompile>
    <ClCompile Include="proj3_src\proj3_2src\Source3_2 - Copy (112).cpp">
      <Filter>Source Files\proj3_src\proj3_2src</Filter>
    </ClCompile>
    <ClCompile Include="proj3_src\proj3_2src\Source3_2 - Copy (113).cpp">
      <Filter>Source Files\proj3_src\proj3_2src</Filter>
    </ClCompile>
    <ClCompile Include="proj3_src\proj3_2src\Source3_2 - Copy (114).cpp">
      <Filter>Source Files\proj3_src\proj3_2src</Filter>
    </ClCompile>
    <ClCompile Include="proj3_src\proj3_2src\Source3_2 - Copy (115).cpp">
      <Filter>Source Files\proj3_src\proj3_2src</Filter>
    </ClCompile>
    <ClCompile Include="proj3_src\proj3_2src\Source3_2 - Copy (116).cpp">
      <Filter>Source Files\proj3_src\proj3_2src</Filter>
    </ClCompile>
    <ClCompile Include="proj3_src\proj3_2src\Source3_2 - Copy (117).cpp">
      <Filter>Source Files\proj3_src\proj3_2src</Filter>
    </ClCompile>
    <ClCompile Include="proj3_src\proj3_2src\Source3_2 - Copy (118).cpp">
      <Filter>Source Files\proj3_src\proj3_2src</Filter>
    </ClCompile>
    <ClCompile Include="proj3_src\proj3_2src\Source3_2 - Copy (119).cpp">
      <Filter>Source Files\proj3_src\proj3_2src</Filter>
    </ClCompile>
    <ClCompile Include="proj3_src\proj3_2src\Source3_2 - Copy (120).cpp">
      <Filter>Source Files\proj3_src\proj3_2src</Filter>
    </ClCompile>
    <ClCompile Include="proj3_src\proj3_2src\Source3_2 - Copy (121).cpp">
      <Filter>Source Files\proj3_src\proj3_2src</Filter>
    </ClCompile>
    <ClCompile Include="proj3_src\proj3_2src\Source3_2 - Copy (122).cpp">
      <Filter>Source Files\proj3_src\proj3_2src</Filter>
    </ClCompile>
    <ClCompile Include="proj3_src\proj3_2src\Source3_2 - Copy (123).cpp">
      <Filter>Source Files\proj3_src\proj3_2src</Filter>
    </ClCompile>
    <ClCompile Include="proj3_src\proj3_2src\Source3_2 - Copy (124).cpp">
      <Filter>Source Files\proj3_src\proj3_2src</Filter>
    </ClCompile>
    <ClCompile Include="proj3_src\proj3_2src\Source3_2 - Copy (125).cpp">
      <Filter>Source Files\proj3_src\proj3_2src</Filter>
    </ClCompile>
    <ClCompile Include="proj3_src\proj3_2src\Source3_2 - Copy (126).cpp">
      <Filter>Source Files\proj3_src\proj3_2src</Filter>
    </ClCompile>
    <ClCompile Include="proj3_src\proj3_2src\Source3_2 - Copy (127).cpp">
      <Filter>Source Files\proj3_src\proj3_2src</Filter>
    </ClCompile>
    <ClCompile Include="proj3_src\proj3_2src\Source3_2 - Copy (128).cpp">
      <Filter>Source Files\proj3_src\proj3_2src</Filter>
    </ClCompile>
    <ClCompile Include="proj3_src\proj3_2src\Source3_2 - Copy (129).cpp">
      <Filter>Source Files\proj3_src\proj3_2src</Filter>
    </ClCompile>
    <ClCompile Include="proj3_src\proj3_2src\Source3_2 - Copy (130).cpp">
      <Filter>Source Files\proj3_src\proj3_2src</Filter>
    </ClCompile>
    <ClCompile Include="proj3_src\proj3_2src\Source3_2 - Copy (131).cpp">
      <Filter>Source Files\proj3_src\proj3_2src</Filter>
    </ClCompile>
    <ClCompile Include="proj3_src\proj3_2src\Source3_2 - Copy (132).cpp">
      <Filter>Source Files\proj3_src\proj3_2src</Filter>
    </ClCompile>
    <ClCompile Include="proj3_src\proj3_2src\Source3_2 - Copy (133).cpp">
      <Filter>Source Files\proj3_src\proj3_2src</Filter>
    </ClCompile>
    <ClCompile Include="proj3_src\proj3_2src\Source3_2 - Copy (134).cpp">
      <Filter>Source Files\proj3_src\proj3_2src</Filter>
    </ClCompile>
    <ClCompile Include="proj3_src\proj3_2src\Source3_2 - Copy (135).cpp">
      <Filter>Source Files\proj3_src\proj3_2src</Filter>
    </ClCompile>
    <ClCompile Include="proj3_src\proj3_2src\Source3_2 - Copy (136).cpp">
      <Filter>Source Files\proj3_src\proj3_2src</Filter>
    </ClCompile>
    <ClCompile Include="proj3_src\proj3_2src\Source3_2 - Copy (137).cpp">
      <Filter>Source Files\proj3_src\proj3_2src</Filter>
    </ClCompile>
    <ClCompile Include="proj3_src\proj3_2src\Source3_2 - Copy (138).cpp">
      <Filter>Source Files\proj3_src\proj3_2src</Filter>
    </ClCompile>
    <ClCompile Include="proj3_src\proj3_2src\Source3_2 - Copy (139).cpp">
      <Filter>Source Files\proj3_src\proj3_2src</Filter>
    </ClCompile>
    <ClCompile Include="proj3_src\proj3_2src\Source3_2 - Copy (140).cpp">
      <Filter>Source Files\proj3_src\proj3_2src</Filter>
    </ClCompile>
    <ClCompile Include="proj3_src\proj3_2src\Source3_2 - Copy (141).cpp">
      <Filter>Source Files\proj3_src\proj3_2src</Filter>
    </ClCompile>
    <ClCompile Include="proj3_src\proj3_2src\Source3_2 - Copy (142).cpp">
      <Filter>Source Files\proj3_src\proj3_2src</Filter>
    </ClCompile>
    <ClCompile Include="proj3_src\proj3_2src\Source3_2 - Copy (143).cpp">
      <Filter>Source Files\proj3_src\proj3_2src</Filter>
    </ClCompile>
    <ClCompile Include="proj3_src\proj3_2src\Source3_2 - Copy (144).cpp">
      <Filter>Source Files\proj3_src\proj3_2src</Filter>
    </ClCompile>
    <ClCompile Include="proj3_src\proj3_2src\Source3_2 - Copy (145).cpp">
      <Filter>Source Files\proj3_src\proj3_2src</Filter>
    </ClCompile>
    <ClCompile Include="proj3_src\proj3_2src\Source3_2 - Copy (146).cpp">
      <Filter>Source Files\proj3_src\proj3_2src</Filter>
    </ClCompile>
    <ClCompile Include="proj3_src\proj3_2src\Source3_2 - Copy (147).cpp">
      <Filter>Source Files\proj3_src\proj3_2src</Filter>
    </ClCompile>
    <ClCompile Include="proj3_src\proj3_2src\Source3_2 - Copy (148).cpp">
      <Filter>Source Files\proj3_src\proj3_2src</Filter>
    </ClCompile>
    <ClCompile Include="proj3_src\proj3_2src\Source3_2 - Copy (149).cpp">
      <Filter>Source Files\proj3_src\proj3_2src</Filter>
    </ClCompile>
    <ClCompile Include="proj3_src\proj3_2src\Source3_2 - Copy (150).cpp">
      <Filter>Source Files\proj3_src\proj3_2src</Filter>
    </ClCompile>
    <ClCompile Include="proj3_src\proj3_2src\Source3_2 - Copy (151).cpp">
      <Filter>Source Files\proj3_src\proj3_2src</Filter>
    </ClCompile>
    <ClCompile Include="proj3_src\proj3_2src\Source3_2 - Copy (152).cpp">
      <Filter>Source Files\proj3_src\proj3_2src</Filter>
    </ClCompile>
    <ClCompile Include="proj3_src\proj3_2src\Source3_2 - Copy (153).cpp">
      <Filter>Source Files\proj3_src\proj3_2src</Filter>
    </ClCompile>
  </ItemGroup>
</Project>